// !$*UTF8*$!
{
	archiveVersion = 1;
	classes = {
	};
	objectVersion = 56;
	objects = {

/* Begin PBXBuildFile section */
		51A4F1DB28F211DA0047EACD /* Project7 Watch App.app in Embed Watch Content */ = {isa = PBXBuildFile; fileRef = 51A4F1DA28F211DA0047EACD /* Project7 Watch App.app */; settings = {ATTRIBUTES = (RemoveHeadersOnCopy, ); }; };
		51A4F1E028F211DA0047EACD /* Project7App.swift in Sources */ = {isa = PBXBuildFile; fileRef = 51A4F1DF28F211DA0047EACD /* Project7App.swift */; };
		51A4F1E228F211DA0047EACD /* ContentView.swift in Sources */ = {isa = PBXBuildFile; fileRef = 51A4F1E128F211DA0047EACD /* ContentView.swift */; };
		51A4F1E428F211DA0047EACD /* Assets.xcassets in Resources */ = {isa = PBXBuildFile; fileRef = 51A4F1E328F211DA0047EACD /* Assets.xcassets */; };
		51A4F1E728F211DA0047EACD /* Preview Assets.xcassets in Resources */ = {isa = PBXBuildFile; fileRef = 51A4F1E628F211DA0047EACD /* Preview Assets.xcassets */; };
		51A4F1F828F212510047EACD /* WidgetKit.framework in Frameworks */ = {isa = PBXBuildFile; fileRef = 51A4F1F728F212510047EACD /* WidgetKit.framework */; };
		51A4F1FA28F212510047EACD /* SwiftUI.framework in Frameworks */ = {isa = PBXBuildFile; fileRef = 51A4F1F928F212510047EACD /* SwiftUI.framework */; };
		51A4F1FD28F212510047EACD /* Complication.swift in Sources */ = {isa = PBXBuildFile; fileRef = 51A4F1FC28F212510047EACD /* Complication.swift */; };
		51A4F1FF28F212510047EACD /* Assets.xcassets in Resources */ = {isa = PBXBuildFile; fileRef = 51A4F1FE28F212510047EACD /* Assets.xcassets */; };
		51A4F20328F212510047EACD /* ComplicationExtension.appex in Embed Foundation Extensions */ = {isa = PBXBuildFile; fileRef = 51A4F1F528F212510047EACD /* ComplicationExtension.appex */; settings = {ATTRIBUTES = (RemoveHeadersOnCopy, ); }; };
/* End PBXBuildFile section */

/* Begin PBXContainerItemProxy section */
		51A4F1DC28F211DA0047EACD /* PBXContainerItemProxy */ = {
			isa = PBXContainerItemProxy;
			containerPortal = 51A4F1CE28F211DA0047EACD /* Project object */;
			proxyType = 1;
			remoteGlobalIDString = 51A4F1D928F211DA0047EACD;
			remoteInfo = "Project7 Watch App";
		};
		51A4F20128F212510047EACD /* PBXContainerItemProxy */ = {
			isa = PBXContainerItemProxy;
			containerPortal = 51A4F1CE28F211DA0047EACD /* Project object */;
			proxyType = 1;
			remoteGlobalIDString = 51A4F1F428F212510047EACD;
			remoteInfo = ComplicationExtension;
		};
/* End PBXContainerItemProxy section */

/* Begin PBXCopyFilesBuildPhase section */
		51A4F1ED28F211DA0047EACD /* Embed Watch Content */ = {
			isa = PBXCopyFilesBuildPhase;
			buildActionMask = 2147483647;
			dstPath = "$(CONTENTS_FOLDER_PATH)/Watch";
			dstSubfolderSpec = 16;
			files = (
				51A4F1DB28F211DA0047EACD /* Project7 Watch App.app in Embed Watch Content */,
			);
			name = "Embed Watch Content";
			runOnlyForDeploymentPostprocessing = 0;
		};
		51A4F20728F212510047EACD /* Embed Foundation Extensions */ = {
			isa = PBXCopyFilesBuildPhase;
			buildActionMask = 2147483647;
			dstPath = "";
			dstSubfolderSpec = 13;
			files = (
				51A4F20328F212510047EACD /* ComplicationExtension.appex in Embed Foundation Extensions */,
			);
			name = "Embed Foundation Extensions";
			runOnlyForDeploymentPostprocessing = 0;
		};
/* End PBXCopyFilesBuildPhase section */

/* Begin PBXFileReference section */
		51A4F1D428F211DA0047EACD /* Project7.app */ = {isa = PBXFileReference; explicitFileType = wrapper.application; includeInIndex = 0; path = Project7.app; sourceTree = BUILT_PRODUCTS_DIR; };
		51A4F1DA28F211DA0047EACD /* Project7 Watch App.app */ = {isa = PBXFileReference; explicitFileType = wrapper.application; includeInIndex = 0; path = "Project7 Watch App.app"; sourceTree = BUILT_PRODUCTS_DIR; };
		51A4F1DF28F211DA0047EACD /* Project7App.swift */ = {isa = PBXFileReference; lastKnownFileType = sourcecode.swift; path = Project7App.swift; sourceTree = "<group>"; };
		51A4F1E128F211DA0047EACD /* ContentView.swift */ = {isa = PBXFileReference; lastKnownFileType = sourcecode.swift; path = ContentView.swift; sourceTree = "<group>"; };
		51A4F1E328F211DA0047EACD /* Assets.xcassets */ = {isa = PBXFileReference; lastKnownFileType = folder.assetcatalog; path = Assets.xcassets; sourceTree = "<group>"; };
		51A4F1E628F211DA0047EACD /* Preview Assets.xcassets */ = {isa = PBXFileReference; lastKnownFileType = folder.assetcatalog; path = "Preview Assets.xcassets"; sourceTree = "<group>"; };
		51A4F1F528F212510047EACD /* ComplicationExtension.appex */ = {isa = PBXFileReference; explicitFileType = "wrapper.app-extension"; includeInIndex = 0; path = ComplicationExtension.appex; sourceTree = BUILT_PRODUCTS_DIR; };
		51A4F1F728F212510047EACD /* WidgetKit.framework */ = {isa = PBXFileReference; lastKnownFileType = wrapper.framework; name = WidgetKit.framework; path = System/Library/Frameworks/WidgetKit.framework; sourceTree = SDKROOT; };
		51A4F1F928F212510047EACD /* SwiftUI.framework */ = {isa = PBXFileReference; lastKnownFileType = wrapper.framework; name = SwiftUI.framework; path = System/Library/Frameworks/SwiftUI.framework; sourceTree = SDKROOT; };
		51A4F1FC28F212510047EACD /* Complication.swift */ = {isa = PBXFileReference; lastKnownFileType = sourcecode.swift; path = Complication.swift; sourceTree = "<group>"; };
		51A4F1FE28F212510047EACD /* Assets.xcassets */ = {isa = PBXFileReference; lastKnownFileType = folder.assetcatalog; path = Assets.xcassets; sourceTree = "<group>"; };
		51A4F20028F212510047EACD /* Info.plist */ = {isa = PBXFileReference; lastKnownFileType = text.plist.xml; path = Info.plist; sourceTree = "<group>"; };
/* End PBXFileReference section */

/* Begin PBXFrameworksBuildPhase section */
		51A4F1D728F211DA0047EACD /* Frameworks */ = {
			isa = PBXFrameworksBuildPhase;
			buildActionMask = 2147483647;
			files = (
			);
			runOnlyForDeploymentPostprocessing = 0;
		};
		51A4F1F228F212510047EACD /* Frameworks */ = {
			isa = PBXFrameworksBuildPhase;
			buildActionMask = 2147483647;
			files = (
				51A4F1FA28F212510047EACD /* SwiftUI.framework in Frameworks */,
				51A4F1F828F212510047EACD /* WidgetKit.framework in Frameworks */,
			);
			runOnlyForDeploymentPostprocessing = 0;
		};
/* End PBXFrameworksBuildPhase section */

/* Begin PBXGroup section */
		51A4F1CD28F211DA0047EACD = {
			isa = PBXGroup;
			children = (
				51A4F1DE28F211DA0047EACD /* Project7 Watch App */,
				51A4F1FB28F212510047EACD /* Complication */,
				51A4F1F628F212510047EACD /* Frameworks */,
				51A4F1D528F211DA0047EACD /* Products */,
			);
			sourceTree = "<group>";
		};
		51A4F1D528F211DA0047EACD /* Products */ = {
			isa = PBXGroup;
			children = (
				51A4F1D428F211DA0047EACD /* Project7.app */,
				51A4F1DA28F211DA0047EACD /* Project7 Watch App.app */,
				51A4F1F528F212510047EACD /* ComplicationExtension.appex */,
			);
			name = Products;
			sourceTree = "<group>";
		};
		51A4F1DE28F211DA0047EACD /* Project7 Watch App */ = {
			isa = PBXGroup;
			children = (
				51A4F1DF28F211DA0047EACD /* Project7App.swift */,
				51A4F1E128F211DA0047EACD /* ContentView.swift */,
				51A4F1E328F211DA0047EACD /* Assets.xcassets */,
				51A4F1E528F211DA0047EACD /* Preview Content */,
			);
			path = "Project7 Watch App";
			sourceTree = "<group>";
		};
		51A4F1E528F211DA0047EACD /* Preview Content */ = {
			isa = PBXGroup;
			children = (
				51A4F1E628F211DA0047EACD /* Preview Assets.xcassets */,
			);
			path = "Preview Content";
			sourceTree = "<group>";
		};
		51A4F1F628F212510047EACD /* Frameworks */ = {
			isa = PBXGroup;
			children = (
				51A4F1F728F212510047EACD /* WidgetKit.framework */,
				51A4F1F928F212510047EACD /* SwiftUI.framework */,
			);
			name = Frameworks;
			sourceTree = "<group>";
		};
		51A4F1FB28F212510047EACD /* Complication */ = {
			isa = PBXGroup;
			children = (
				51A4F1FC28F212510047EACD /* Complication.swift */,
				51A4F1FE28F212510047EACD /* Assets.xcassets */,
				51A4F20028F212510047EACD /* Info.plist */,
			);
			path = Complication;
			sourceTree = "<group>";
		};
/* End PBXGroup section */

/* Begin PBXNativeTarget section */
		51A4F1D328F211DA0047EACD /* Project7 */ = {
			isa = PBXNativeTarget;
			buildConfigurationList = 51A4F1EE28F211DA0047EACD /* Build configuration list for PBXNativeTarget "Project7" */;
			buildPhases = (
				51A4F1D228F211DA0047EACD /* Resources */,
				51A4F1ED28F211DA0047EACD /* Embed Watch Content */,
			);
			buildRules = (
			);
			dependencies = (
				51A4F1DD28F211DA0047EACD /* PBXTargetDependency */,
			);
			name = Project7;
			productName = Project7;
			productReference = 51A4F1D428F211DA0047EACD /* Project7.app */;
			productType = "com.apple.product-type.application.watchapp2-container";
		};
		51A4F1D928F211DA0047EACD /* Project7 Watch App */ = {
			isa = PBXNativeTarget;
			buildConfigurationList = 51A4F1EA28F211DA0047EACD /* Build configuration list for PBXNativeTarget "Project7 Watch App" */;
			buildPhases = (
				51A4F1D628F211DA0047EACD /* Sources */,
				51A4F1D728F211DA0047EACD /* Frameworks */,
				51A4F1D828F211DA0047EACD /* Resources */,
				51A4F20728F212510047EACD /* Embed Foundation Extensions */,
			);
			buildRules = (
			);
			dependencies = (
				51A4F20228F212510047EACD /* PBXTargetDependency */,
			);
			name = "Project7 Watch App";
			productName = "Project7 Watch App";
			productReference = 51A4F1DA28F211DA0047EACD /* Project7 Watch App.app */;
			productType = "com.apple.product-type.application";
		};
		51A4F1F428F212510047EACD /* ComplicationExtension */ = {
			isa = PBXNativeTarget;
			buildConfigurationList = 51A4F20428F212510047EACD /* Build configuration list for PBXNativeTarget "ComplicationExtension" */;
			buildPhases = (
				51A4F1F128F212510047EACD /* Sources */,
				51A4F1F228F212510047EACD /* Frameworks */,
				51A4F1F328F212510047EACD /* Resources */,
			);
			buildRules = (
			);
			dependencies = (
			);
			name = ComplicationExtension;
			productName = ComplicationExtension;
			productReference = 51A4F1F528F212510047EACD /* ComplicationExtension.appex */;
			productType = "com.apple.product-type.app-extension";
		};
/* End PBXNativeTarget section */

/* Begin PBXProject section */
		51A4F1CE28F211DA0047EACD /* Project object */ = {
			isa = PBXProject;
			attributes = {
				BuildIndependentTargetsInParallel = 1;
				LastSwiftUpdateCheck = 1400;
				LastUpgradeCheck = 1400;
				TargetAttributes = {
					51A4F1D328F211DA0047EACD = {
						CreatedOnToolsVersion = 14.0.1;
					};
					51A4F1D928F211DA0047EACD = {
						CreatedOnToolsVersion = 14.0.1;
					};
					51A4F1F428F212510047EACD = {
						CreatedOnToolsVersion = 14.0.1;
					};
				};
			};
			buildConfigurationList = 51A4F1D128F211DA0047EACD /* Build configuration list for PBXProject "Project7" */;
			compatibilityVersion = "Xcode 14.0";
			developmentRegion = en;
			hasScannedForEncodings = 0;
			knownRegions = (
				en,
				Base,
			);
			mainGroup = 51A4F1CD28F211DA0047EACD;
			productRefGroup = 51A4F1D528F211DA0047EACD /* Products */;
			projectDirPath = "";
			projectRoot = "";
			targets = (
				51A4F1D328F211DA0047EACD /* Project7 */,
				51A4F1D928F211DA0047EACD /* Project7 Watch App */,
				51A4F1F428F212510047EACD /* ComplicationExtension */,
			);
		};
/* End PBXProject section */

/* Begin PBXResourcesBuildPhase section */
		51A4F1D228F211DA0047EACD /* Resources */ = {
			isa = PBXResourcesBuildPhase;
			buildActionMask = 2147483647;
			files = (
			);
			runOnlyForDeploymentPostprocessing = 0;
		};
		51A4F1D828F211DA0047EACD /* Resources */ = {
			isa = PBXResourcesBuildPhase;
			buildActionMask = 2147483647;
			files = (
				51A4F1E728F211DA0047EACD /* Preview Assets.xcassets in Resources */,
				51A4F1E428F211DA0047EACD /* Assets.xcassets in Resources */,
			);
			runOnlyForDeploymentPostprocessing = 0;
		};
		51A4F1F328F212510047EACD /* Resources */ = {
			isa = PBXResourcesBuildPhase;
			buildActionMask = 2147483647;
			files = (
				51A4F1FF28F212510047EACD /* Assets.xcassets in Resources */,
			);
			runOnlyForDeploymentPostprocessing = 0;
		};
/* End PBXResourcesBuildPhase section */

/* Begin PBXSourcesBuildPhase section */
		51A4F1D628F211DA0047EACD /* Sources */ = {
			isa = PBXSourcesBuildPhase;
			buildActionMask = 2147483647;
			files = (
				51A4F1E228F211DA0047EACD /* ContentView.swift in Sources */,
				51A4F1E028F211DA0047EACD /* Project7App.swift in Sources */,
			);
			runOnlyForDeploymentPostprocessing = 0;
		};
		51A4F1F128F212510047EACD /* Sources */ = {
			isa = PBXSourcesBuildPhase;
			buildActionMask = 2147483647;
			files = (
				51A4F1FD28F212510047EACD /* Complication.swift in Sources */,
			);
			runOnlyForDeploymentPostprocessing = 0;
		};
/* End PBXSourcesBuildPhase section */

/* Begin PBXTargetDependency section */
		51A4F1DD28F211DA0047EACD /* PBXTargetDependency */ = {
			isa = PBXTargetDependency;
			target = 51A4F1D928F211DA0047EACD /* Project7 Watch App */;
			targetProxy = 51A4F1DC28F211DA0047EACD /* PBXContainerItemProxy */;
		};
		51A4F20228F212510047EACD /* PBXTargetDependency */ = {
			isa = PBXTargetDependency;
			target = 51A4F1F428F212510047EACD /* ComplicationExtension */;
			targetProxy = 51A4F20128F212510047EACD /* PBXContainerItemProxy */;
		};
/* End PBXTargetDependency section */

/* Begin XCBuildConfiguration section */
		51A4F1E828F211DA0047EACD /* Debug */ = {
			isa = XCBuildConfiguration;
			buildSettings = {
				ALWAYS_SEARCH_USER_PATHS = NO;
				CLANG_ANALYZER_NONNULL = YES;
				CLANG_ANALYZER_NUMBER_OBJECT_CONVERSION = YES_AGGRESSIVE;
				CLANG_CXX_LANGUAGE_STANDARD = "gnu++20";
				CLANG_ENABLE_MODULES = YES;
				CLANG_ENABLE_OBJC_ARC = YES;
				CLANG_ENABLE_OBJC_WEAK = YES;
				CLANG_WARN_BLOCK_CAPTURE_AUTORELEASING = YES;
				CLANG_WARN_BOOL_CONVERSION = YES;
				CLANG_WARN_COMMA = YES;
				CLANG_WARN_CONSTANT_CONVERSION = YES;
				CLANG_WARN_DEPRECATED_OBJC_IMPLEMENTATIONS = YES;
				CLANG_WARN_DIRECT_OBJC_ISA_USAGE = YES_ERROR;
				CLANG_WARN_DOCUMENTATION_COMMENTS = YES;
				CLANG_WARN_EMPTY_BODY = YES;
				CLANG_WARN_ENUM_CONVERSION = YES;
				CLANG_WARN_INFINITE_RECURSION = YES;
				CLANG_WARN_INT_CONVERSION = YES;
				CLANG_WARN_NON_LITERAL_NULL_CONVERSION = YES;
				CLANG_WARN_OBJC_IMPLICIT_RETAIN_SELF = YES;
				CLANG_WARN_OBJC_LITERAL_CONVERSION = YES;
				CLANG_WARN_OBJC_ROOT_CLASS = YES_ERROR;
				CLANG_WARN_QUOTED_INCLUDE_IN_FRAMEWORK_HEADER = YES;
				CLANG_WARN_RANGE_LOOP_ANALYSIS = YES;
				CLANG_WARN_STRICT_PROTOTYPES = YES;
				CLANG_WARN_SUSPICIOUS_MOVE = YES;
				CLANG_WARN_UNGUARDED_AVAILABILITY = YES_AGGRESSIVE;
				CLANG_WARN_UNREACHABLE_CODE = YES;
				CLANG_WARN__DUPLICATE_METHOD_MATCH = YES;
				COPY_PHASE_STRIP = NO;
				DEBUG_INFORMATION_FORMAT = dwarf;
				ENABLE_STRICT_OBJC_MSGSEND = YES;
				ENABLE_TESTABILITY = YES;
				GCC_C_LANGUAGE_STANDARD = gnu11;
				GCC_DYNAMIC_NO_PIC = NO;
				GCC_NO_COMMON_BLOCKS = YES;
				GCC_OPTIMIZATION_LEVEL = 0;
				GCC_PREPROCESSOR_DEFINITIONS = (
					"DEBUG=1",
					"$(inherited)",
				);
				GCC_WARN_64_TO_32_BIT_CONVERSION = YES;
				GCC_WARN_ABOUT_RETURN_TYPE = YES_ERROR;
				GCC_WARN_UNDECLARED_SELECTOR = YES;
				GCC_WARN_UNINITIALIZED_AUTOS = YES_AGGRESSIVE;
				GCC_WARN_UNUSED_FUNCTION = YES;
				GCC_WARN_UNUSED_VARIABLE = YES;
				MTL_ENABLE_DEBUG_INFO = INCLUDE_SOURCE;
				MTL_FAST_MATH = YES;
				ONLY_ACTIVE_ARCH = YES;
				SWIFT_ACTIVE_COMPILATION_CONDITIONS = DEBUG;
				SWIFT_OPTIMIZATION_LEVEL = "-Onone";
			};
			name = Debug;
		};
		51A4F1E928F211DA0047EACD /* Release */ = {
			isa = XCBuildConfiguration;
			buildSettings = {
				ALWAYS_SEARCH_USER_PATHS = NO;
				CLANG_ANALYZER_NONNULL = YES;
				CLANG_ANALYZER_NUMBER_OBJECT_CONVERSION = YES_AGGRESSIVE;
				CLANG_CXX_LANGUAGE_STANDARD = "gnu++20";
				CLANG_ENABLE_MODULES = YES;
				CLANG_ENABLE_OBJC_ARC = YES;
				CLANG_ENABLE_OBJC_WEAK = YES;
				CLANG_WARN_BLOCK_CAPTURE_AUTORELEASING = YES;
				CLANG_WARN_BOOL_CONVERSION = YES;
				CLANG_WARN_COMMA = YES;
				CLANG_WARN_CONSTANT_CONVERSION = YES;
				CLANG_WARN_DEPRECATED_OBJC_IMPLEMENTATIONS = YES;
				CLANG_WARN_DIRECT_OBJC_ISA_USAGE = YES_ERROR;
				CLANG_WARN_DOCUMENTATION_COMMENTS = YES;
				CLANG_WARN_EMPTY_BODY = YES;
				CLANG_WARN_ENUM_CONVERSION = YES;
				CLANG_WARN_INFINITE_RECURSION = YES;
				CLANG_WARN_INT_CONVERSION = YES;
				CLANG_WARN_NON_LITERAL_NULL_CONVERSION = YES;
				CLANG_WARN_OBJC_IMPLICIT_RETAIN_SELF = YES;
				CLANG_WARN_OBJC_LITERAL_CONVERSION = YES;
				CLANG_WARN_OBJC_ROOT_CLASS = YES_ERROR;
				CLANG_WARN_QUOTED_INCLUDE_IN_FRAMEWORK_HEADER = YES;
				CLANG_WARN_RANGE_LOOP_ANALYSIS = YES;
				CLANG_WARN_STRICT_PROTOTYPES = YES;
				CLANG_WARN_SUSPICIOUS_MOVE = YES;
				CLANG_WARN_UNGUARDED_AVAILABILITY = YES_AGGRESSIVE;
				CLANG_WARN_UNREACHABLE_CODE = YES;
				CLANG_WARN__DUPLICATE_METHOD_MATCH = YES;
				COPY_PHASE_STRIP = NO;
				DEBUG_INFORMATION_FORMAT = "dwarf-with-dsym";
				ENABLE_NS_ASSERTIONS = NO;
				ENABLE_STRICT_OBJC_MSGSEND = YES;
				GCC_C_LANGUAGE_STANDARD = gnu11;
				GCC_NO_COMMON_BLOCKS = YES;
				GCC_WARN_64_TO_32_BIT_CONVERSION = YES;
				GCC_WARN_ABOUT_RETURN_TYPE = YES_ERROR;
				GCC_WARN_UNDECLARED_SELECTOR = YES;
				GCC_WARN_UNINITIALIZED_AUTOS = YES_AGGRESSIVE;
				GCC_WARN_UNUSED_FUNCTION = YES;
				GCC_WARN_UNUSED_VARIABLE = YES;
				MTL_ENABLE_DEBUG_INFO = NO;
				MTL_FAST_MATH = YES;
				SWIFT_COMPILATION_MODE = wholemodule;
				SWIFT_OPTIMIZATION_LEVEL = "-O";
			};
			name = Release;
		};
		51A4F1EB28F211DA0047EACD /* Debug */ = {
			isa = XCBuildConfiguration;
			buildSettings = {
				ALWAYS_EMBED_SWIFT_STANDARD_LIBRARIES = YES;
				ASSETCATALOG_COMPILER_APPICON_NAME = AppIcon;
				ASSETCATALOG_COMPILER_GLOBAL_ACCENT_COLOR_NAME = AccentColor;
				CODE_SIGN_STYLE = Automatic;
				CURRENT_PROJECT_VERSION = 1;
				DEVELOPMENT_ASSET_PATHS = "\"Project7 Watch App/Preview Content\"";
				DEVELOPMENT_TEAM = B5C26XE59E;
				ENABLE_PREVIEWS = YES;
				GENERATE_INFOPLIST_FILE = YES;
				INFOPLIST_KEY_CFBundleDisplayName = Project7;
				INFOPLIST_KEY_UISupportedInterfaceOrientations = "UIInterfaceOrientationPortrait UIInterfaceOrientationPortraitUpsideDown";
				INFOPLIST_KEY_WKWatchOnly = YES;
				LD_RUNPATH_SEARCH_PATHS = (
					"$(inherited)",
					"@executable_path/Frameworks",
				);
				MARKETING_VERSION = 1.0;
				PRODUCT_BUNDLE_IDENTIFIER = com.hackingwithswift.Project7.watchkitapp;
				PRODUCT_NAME = "$(TARGET_NAME)";
				SDKROOT = watchos;
				SKIP_INSTALL = YES;
				SWIFT_EMIT_LOC_STRINGS = YES;
				SWIFT_VERSION = 5.0;
				TARGETED_DEVICE_FAMILY = 4;
				WATCHOS_DEPLOYMENT_TARGET = 9.0;
			};
			name = Debug;
		};
		51A4F1EC28F211DA0047EACD /* Release */ = {
			isa = XCBuildConfiguration;
			buildSettings = {
				ALWAYS_EMBED_SWIFT_STANDARD_LIBRARIES = YES;
				ASSETCATALOG_COMPILER_APPICON_NAME = AppIcon;
				ASSETCATALOG_COMPILER_GLOBAL_ACCENT_COLOR_NAME = AccentColor;
				CODE_SIGN_STYLE = Automatic;
				CURRENT_PROJECT_VERSION = 1;
				DEVELOPMENT_ASSET_PATHS = "\"Project7 Watch App/Preview Content\"";
				DEVELOPMENT_TEAM = B5C26XE59E;
				ENABLE_PREVIEWS = YES;
				GENERATE_INFOPLIST_FILE = YES;
				INFOPLIST_KEY_CFBundleDisplayName = Project7;
				INFOPLIST_KEY_UISupportedInterfaceOrientations = "UIInterfaceOrientationPortrait UIInterfaceOrientationPortraitUpsideDown";
				INFOPLIST_KEY_WKWatchOnly = YES;
				LD_RUNPATH_SEARCH_PATHS = (
					"$(inherited)",
					"@executable_path/Frameworks",
				);
				MARKETING_VERSION = 1.0;
				PRODUCT_BUNDLE_IDENTIFIER = com.hackingwithswift.Project7.watchkitapp;
				PRODUCT_NAME = "$(TARGET_NAME)";
				SDKROOT = watchos;
				SKIP_INSTALL = YES;
				SWIFT_EMIT_LOC_STRINGS = YES;
				SWIFT_VERSION = 5.0;
				TARGETED_DEVICE_FAMILY = 4;
				VALIDATE_PRODUCT = YES;
				WATCHOS_DEPLOYMENT_TARGET = 9.0;
			};
			name = Release;
		};
		51A4F1EF28F211DA0047EACD /* Debug */ = {
			isa = XCBuildConfiguration;
			buildSettings = {
				ALWAYS_EMBED_SWIFT_STANDARD_LIBRARIES = YES;
				CODE_SIGN_STYLE = Automatic;
				CURRENT_PROJECT_VERSION = 1;
				DEVELOPMENT_TEAM = B5C26XE59E;
				INFOPLIST_KEY_CFBundleDisplayName = Project7;
				MARKETING_VERSION = 1.0;
				PRODUCT_BUNDLE_IDENTIFIER = com.hackingwithswift.Project7;
				PRODUCT_NAME = "$(TARGET_NAME)";
				SDKROOT = iphoneos;
				SWIFT_VERSION = 5.0;
			};
			name = Debug;
		};
		51A4F1F028F211DA0047EACD /* Release */ = {
			isa = XCBuildConfiguration;
			buildSettings = {
				ALWAYS_EMBED_SWIFT_STANDARD_LIBRARIES = YES;
				CODE_SIGN_STYLE = Automatic;
				CURRENT_PROJECT_VERSION = 1;
				DEVELOPMENT_TEAM = B5C26XE59E;
				INFOPLIST_KEY_CFBundleDisplayName = Project7;
				MARKETING_VERSION = 1.0;
				PRODUCT_BUNDLE_IDENTIFIER = com.hackingwithswift.Project7;
				PRODUCT_NAME = "$(TARGET_NAME)";
				SDKROOT = iphoneos;
				SWIFT_VERSION = 5.0;
				VALIDATE_PRODUCT = YES;
			};
			name = Release;
		};
		51A4F20528F212510047EACD /* Debug */ = {
			isa = XCBuildConfiguration;
			buildSettings = {
				ASSETCATALOG_COMPILER_GLOBAL_ACCENT_COLOR_NAME = AccentColor;
				ASSETCATALOG_COMPILER_WIDGET_BACKGROUND_COLOR_NAME = WidgetBackground;
				CODE_SIGN_STYLE = Automatic;
				CURRENT_PROJECT_VERSION = 1;
				DEVELOPMENT_TEAM = B5C26XE59E;
				GENERATE_INFOPLIST_FILE = YES;
				INFOPLIST_FILE = Complication/Info.plist;
				INFOPLIST_KEY_CFBundleDisplayName = Complication;
				INFOPLIST_KEY_NSHumanReadableCopyright = "";
				LD_RUNPATH_SEARCH_PATHS = (
					"$(inherited)",
					"@executable_path/Frameworks",
					"@executable_path/../../Frameworks",
					"@executable_path/../../../../Frameworks",
				);
				MARKETING_VERSION = 1.0;
				PRODUCT_BUNDLE_IDENTIFIER = com.hackingwithswift.Project7.watchkitapp.Complication;
				PRODUCT_NAME = "$(TARGET_NAME)";
				SDKROOT = watchos;
				SKIP_INSTALL = YES;
				SWIFT_EMIT_LOC_STRINGS = YES;
				SWIFT_VERSION = 5.0;
				TARGETED_DEVICE_FAMILY = 4;
				WATCHOS_DEPLOYMENT_TARGET = 9.0;
			};
			name = Debug;
		};
		51A4F20628F212510047EACD /* Release */ = {
			isa = XCBuildConfiguration;
			buildSettings = {
				ASSETCATALOG_COMPILER_GLOBAL_ACCENT_COLOR_NAME = AccentColor;
				ASSETCATALOG_COMPILER_WIDGET_BACKGROUND_COLOR_NAME = WidgetBackground;
				CODE_SIGN_STYLE = Automatic;
				CURRENT_PROJECT_VERSION = 1;
				DEVELOPMENT_TEAM = B5C26XE59E;
				GENERATE_INFOPLIST_FILE = YES;
				INFOPLIST_FILE = Complication/Info.plist;
				INFOPLIST_KEY_CFBundleDisplayName = Complication;
				INFOPLIST_KEY_NSHumanReadableCopyright = "";
				LD_RUNPATH_SEARCH_PATHS = (
					"$(inherited)",
					"@executable_path/Frameworks",
					"@executable_path/../../Frameworks",
					"@executable_path/../../../../Frameworks",
				);
				MARKETING_VERSION = 1.0;
				PRODUCT_BUNDLE_IDENTIFIER = com.hackingwithswift.Project7.watchkitapp.Complication;
				PRODUCT_NAME = "$(TARGET_NAME)";
				SDKROOT = watchos;
				SKIP_INSTALL = YES;
				SWIFT_EMIT_LOC_STRINGS = YES;
				SWIFT_VERSION = 5.0;
				TARGETED_DEVICE_FAMILY = 4;
				VALIDATE_PRODUCT = YES;
				WATCHOS_DEPLOYMENT_TARGET = 9.0;
			};
			name = Release;
		};
/* End XCBuildConfiguration section */

/* Begin XCConfigurationList section */
		51A4F1D128F211DA0047EACD /* Build configuration list for PBXProject "Project7" */ = {
			isa = XCConfigurationList;
			buildConfigurations = (
				51A4F1E828F211DA0047EACD /* Debug */,
				51A4F1E928F211DA0047EACD /* Release */,
			);
			defaultConfigurationIsVisible = 0;
			defaultConfigurationName = Release;
		};
		51A4F1EA28F211DA0047EACD /* Build configuration list for PBXNativeTarget "Project7 Watch App" */ = {
			isa = XCConfigurationList;
			buildConfigurations = (
				51A4F1EB28F211DA0047EACD /* Debug */,
				51A4F1EC28F211DA0047EACD /* Release */,
			);
			defaultConfigurationIsVisible = 0;
			defaultConfigurationName = Release;
		};
		51A4F1EE28F211DA0047EACD /* Build configuration list for PBXNativeTarget "Project7" */ = {
			isa = XCConfigurationList;
			buildConfigurations = (
				51A4F1EF28F211DA0047EACD /* Debug */,
				51A4F1F028F211DA0047EACD /* Release */,
			);
			defaultConfigurationIsVisible = 0;
			defaultConfigurationName = Release;
		};
		51A4F20428F212510047EACD /* Build configuration list for PBXNativeTarget "ComplicationExtension" */ = {
			isa = XCConfigurationList;
			buildConfigurations = (
				51A4F20528F212510047EACD /* Debug */,
				51A4F20628F212510047EACD /* Release */,
			);
			defaultConfigurationIsVisible = 0;
			defaultConfigurationName = Release;
		};
/* End XCConfigurationList section */
	};
	rootObject = 51A4F1CE28F211DA0047EACD /* Project object */;
}
