// !$*UTF8*$!
{
	archiveVersion = 1;
	classes = {
	};
	objectVersion = 50;
	objects = {

/* Begin PBXBuildFile section */
		513EAA96252E634E005C4CB4 /* Project12App.swift in Sources */ = {isa = PBXBuildFile; fileRef = 513EAA95252E634E005C4CB4 /* Project12App.swift */; };
		513EAA98252E634E005C4CB4 /* ContentView.swift in Sources */ = {isa = PBXBuildFile; fileRef = 513EAA97252E634E005C4CB4 /* ContentView.swift */; };
		513EAA9A252E634F005C4CB4 /* Assets.xcassets in Resources */ = {isa = PBXBuildFile; fileRef = 513EAA99252E634F005C4CB4 /* Assets.xcassets */; };
		513EAA9D252E634F005C4CB4 /* Preview Assets.xcassets in Resources */ = {isa = PBXBuildFile; fileRef = 513EAA9C252E634F005C4CB4 /* Preview Assets.xcassets */; };
		513EAAA2252E634F005C4CB4 /* Project12 WatchKit App.app in Embed Watch Content */ = {isa = PBXBuildFile; fileRef = 513EAAA1252E634F005C4CB4 /* Project12 WatchKit App.app */; settings = {ATTRIBUTES = (RemoveHeadersOnCopy, ); }; };
		513EAAA7252E6350005C4CB4 /* Assets.xcassets in Resources */ = {isa = PBXBuildFile; fileRef = 513EAAA6252E6350005C4CB4 /* Assets.xcassets */; };
		513EAAAE252E6350005C4CB4 /* Project12 WatchKit Extension.appex in Embed App Extensions */ = {isa = PBXBuildFile; fileRef = 513EAAAD252E6350005C4CB4 /* Project12 WatchKit Extension.appex */; settings = {ATTRIBUTES = (RemoveHeadersOnCopy, ); }; };
		513EAAB3252E6350005C4CB4 /* ContentView.swift in Sources */ = {isa = PBXBuildFile; fileRef = 513EAAB2252E6350005C4CB4 /* ContentView.swift */; };
		513EAAB5252E6350005C4CB4 /* Project12App.swift in Sources */ = {isa = PBXBuildFile; fileRef = 513EAAB4252E6350005C4CB4 /* Project12App.swift */; };
		513EAAB7252E6350005C4CB4 /* ComplicationController.swift in Sources */ = {isa = PBXBuildFile; fileRef = 513EAAB6252E6350005C4CB4 /* ComplicationController.swift */; };
		513EAAB9252E6350005C4CB4 /* Assets.xcassets in Resources */ = {isa = PBXBuildFile; fileRef = 513EAAB8252E6350005C4CB4 /* Assets.xcassets */; };
		513EAABC252E6350005C4CB4 /* Preview Assets.xcassets in Resources */ = {isa = PBXBuildFile; fileRef = 513EAABB252E6350005C4CB4 /* Preview Assets.xcassets */; };
		513EAACF252E6390005C4CB4 /* Connectivity.swift in Sources */ = {isa = PBXBuildFile; fileRef = 513EAACE252E6390005C4CB4 /* Connectivity.swift */; };
		513EAAD0252E6390005C4CB4 /* Connectivity.swift in Sources */ = {isa = PBXBuildFile; fileRef = 513EAACE252E6390005C4CB4 /* Connectivity.swift */; };
/* End PBXBuildFile section */

/* Begin PBXContainerItemProxy section */
		513EAAA3252E634F005C4CB4 /* PBXContainerItemProxy */ = {
			isa = PBXContainerItemProxy;
			containerPortal = 513EAA8A252E634D005C4CB4 /* Project object */;
			proxyType = 1;
			remoteGlobalIDString = 513EAAA0252E634F005C4CB4;
			remoteInfo = "Project12 WatchKit App";
		};
		513EAAAF252E6350005C4CB4 /* PBXContainerItemProxy */ = {
			isa = PBXContainerItemProxy;
			containerPortal = 513EAA8A252E634D005C4CB4 /* Project object */;
			proxyType = 1;
			remoteGlobalIDString = 513EAAAC252E6350005C4CB4;
			remoteInfo = "Project12 WatchKit Extension";
		};
/* End PBXContainerItemProxy section */

/* Begin PBXCopyFilesBuildPhase section */
		513EAAC3252E6350005C4CB4 /* Embed App Extensions */ = {
			isa = PBXCopyFilesBuildPhase;
			buildActionMask = 2147483647;
			dstPath = "";
			dstSubfolderSpec = 13;
			files = (
				513EAAAE252E6350005C4CB4 /* Project12 WatchKit Extension.appex in Embed App Extensions */,
			);
			name = "Embed App Extensions";
			runOnlyForDeploymentPostprocessing = 0;
		};
		513EAAC7252E6350005C4CB4 /* Embed Watch Content */ = {
			isa = PBXCopyFilesBuildPhase;
			buildActionMask = 2147483647;
			dstPath = "$(CONTENTS_FOLDER_PATH)/Watch";
			dstSubfolderSpec = 16;
			files = (
				513EAAA2252E634F005C4CB4 /* Project12 WatchKit App.app in Embed Watch Content */,
			);
			name = "Embed Watch Content";
			runOnlyForDeploymentPostprocessing = 0;
		};
/* End PBXCopyFilesBuildPhase section */

/* Begin PBXFileReference section */
		513EAA92252E634E005C4CB4 /* Project12.app */ = {isa = PBXFileReference; explicitFileType = wrapper.application; includeInIndex = 0; path = Project12.app; sourceTree = BUILT_PRODUCTS_DIR; };
		513EAA95252E634E005C4CB4 /* Project12App.swift */ = {isa = PBXFileReference; lastKnownFileType = sourcecode.swift; path = Project12App.swift; sourceTree = "<group>"; };
		513EAA97252E634E005C4CB4 /* ContentView.swift */ = {isa = PBXFileReference; lastKnownFileType = sourcecode.swift; path = ContentView.swift; sourceTree = "<group>"; };
		513EAA99252E634F005C4CB4 /* Assets.xcassets */ = {isa = PBXFileReference; lastKnownFileType = folder.assetcatalog; path = Assets.xcassets; sourceTree = "<group>"; };
		513EAA9C252E634F005C4CB4 /* Preview Assets.xcassets */ = {isa = PBXFileReference; lastKnownFileType = folder.assetcatalog; path = "Preview Assets.xcassets"; sourceTree = "<group>"; };
		513EAA9E252E634F005C4CB4 /* Info.plist */ = {isa = PBXFileReference; lastKnownFileType = text.plist.xml; path = Info.plist; sourceTree = "<group>"; };
		513EAAA1252E634F005C4CB4 /* Project12 WatchKit App.app */ = {isa = PBXFileReference; explicitFileType = wrapper.application; includeInIndex = 0; path = "Project12 WatchKit App.app"; sourceTree = BUILT_PRODUCTS_DIR; };
		513EAAA6252E6350005C4CB4 /* Assets.xcassets */ = {isa = PBXFileReference; lastKnownFileType = folder.assetcatalog; path = Assets.xcassets; sourceTree = "<group>"; };
		513EAAA8252E6350005C4CB4 /* Info.plist */ = {isa = PBXFileReference; lastKnownFileType = text.plist.xml; path = Info.plist; sourceTree = "<group>"; };
		513EAAAD252E6350005C4CB4 /* Project12 WatchKit Extension.appex */ = {isa = PBXFileReference; explicitFileType = "wrapper.app-extension"; includeInIndex = 0; path = "Project12 WatchKit Extension.appex"; sourceTree = BUILT_PRODUCTS_DIR; };
		513EAAB2252E6350005C4CB4 /* ContentView.swift */ = {isa = PBXFileReference; lastKnownFileType = sourcecode.swift; path = ContentView.swift; sourceTree = "<group>"; };
		513EAAB4252E6350005C4CB4 /* Project12App.swift */ = {isa = PBXFileReference; lastKnownFileType = sourcecode.swift; path = Project12App.swift; sourceTree = "<group>"; };
		513EAAB6252E6350005C4CB4 /* ComplicationController.swift */ = {isa = PBXFileReference; lastKnownFileType = sourcecode.swift; path = ComplicationController.swift; sourceTree = "<group>"; };
		513EAAB8252E6350005C4CB4 /* Assets.xcassets */ = {isa = PBXFileReference; lastKnownFileType = folder.assetcatalog; path = Assets.xcassets; sourceTree = "<group>"; };
		513EAABB252E6350005C4CB4 /* Preview Assets.xcassets */ = {isa = PBXFileReference; lastKnownFileType = folder.assetcatalog; path = "Preview Assets.xcassets"; sourceTree = "<group>"; };
		513EAABD252E6350005C4CB4 /* Info.plist */ = {isa = PBXFileReference; lastKnownFileType = text.plist.xml; path = Info.plist; sourceTree = "<group>"; };
		513EAACE252E6390005C4CB4 /* Connectivity.swift */ = {isa = PBXFileReference; lastKnownFileType = sourcecode.swift; path = Connectivity.swift; sourceTree = "<group>"; };
/* End PBXFileReference section */

/* Begin PBXFrameworksBuildPhase section */
		513EAA8F252E634E005C4CB4 /* Frameworks */ = {
			isa = PBXFrameworksBuildPhase;
			buildActionMask = 2147483647;
			files = (
			);
			runOnlyForDeploymentPostprocessing = 0;
		};
		513EAAAA252E6350005C4CB4 /* Frameworks */ = {
			isa = PBXFrameworksBuildPhase;
			buildActionMask = 2147483647;
			files = (
			);
			runOnlyForDeploymentPostprocessing = 0;
		};
/* End PBXFrameworksBuildPhase section */

/* Begin PBXGroup section */
		513EAA89252E634D005C4CB4 = {
			isa = PBXGroup;
			children = (
				513EAA94252E634E005C4CB4 /* Project12 */,
				513EAAA5252E634F005C4CB4 /* Project12 WatchKit App */,
				513EAAB1252E6350005C4CB4 /* Project12 WatchKit Extension */,
				513EAA93252E634E005C4CB4 /* Products */,
			);
			sourceTree = "<group>";
		};
		513EAA93252E634E005C4CB4 /* Products */ = {
			isa = PBXGroup;
			children = (
				513EAA92252E634E005C4CB4 /* Project12.app */,
				513EAAA1252E634F005C4CB4 /* Project12 WatchKit App.app */,
				513EAAAD252E6350005C4CB4 /* Project12 WatchKit Extension.appex */,
			);
			name = Products;
			sourceTree = "<group>";
		};
		513EAA94252E634E005C4CB4 /* Project12 */ = {
			isa = PBXGroup;
			children = (
				513EAA95252E634E005C4CB4 /* Project12App.swift */,
				513EAA97252E634E005C4CB4 /* ContentView.swift */,
				513EAACE252E6390005C4CB4 /* Connectivity.swift */,
				513EAA99252E634F005C4CB4 /* Assets.xcassets */,
				513EAA9E252E634F005C4CB4 /* Info.plist */,
				513EAA9B252E634F005C4CB4 /* Preview Content */,
			);
			path = Project12;
			sourceTree = "<group>";
		};
		513EAA9B252E634F005C4CB4 /* Preview Content */ = {
			isa = PBXGroup;
			children = (
				513EAA9C252E634F005C4CB4 /* Preview Assets.xcassets */,
			);
			path = "Preview Content";
			sourceTree = "<group>";
		};
		513EAAA5252E634F005C4CB4 /* Project12 WatchKit App */ = {
			isa = PBXGroup;
			children = (
				513EAAA6252E6350005C4CB4 /* Assets.xcassets */,
				513EAAA8252E6350005C4CB4 /* Info.plist */,
			);
			path = "Project12 WatchKit App";
			sourceTree = "<group>";
		};
		513EAAB1252E6350005C4CB4 /* Project12 WatchKit Extension */ = {
			isa = PBXGroup;
			children = (
				513EAAB2252E6350005C4CB4 /* ContentView.swift */,
				513EAAB4252E6350005C4CB4 /* Project12App.swift */,
				513EAAB6252E6350005C4CB4 /* ComplicationController.swift */,
				513EAAB8252E6350005C4CB4 /* Assets.xcassets */,
				513EAABD252E6350005C4CB4 /* Info.plist */,
				513EAABA252E6350005C4CB4 /* Preview Content */,
			);
			path = "Project12 WatchKit Extension";
			sourceTree = "<group>";
		};
		513EAABA252E6350005C4CB4 /* Preview Content */ = {
			isa = PBXGroup;
			children = (
				513EAABB252E6350005C4CB4 /* Preview Assets.xcassets */,
			);
			path = "Preview Content";
			sourceTree = "<group>";
		};
/* End PBXGroup section */

/* Begin PBXNativeTarget section */
		513EAA91252E634E005C4CB4 /* Project12 */ = {
			isa = PBXNativeTarget;
			buildConfigurationList = 513EAAC8252E6350005C4CB4 /* Build configuration list for PBXNativeTarget "Project12" */;
			buildPhases = (
				513EAA8E252E634E005C4CB4 /* Sources */,
				513EAA8F252E634E005C4CB4 /* Frameworks */,
				513EAA90252E634E005C4CB4 /* Resources */,
				513EAAC7252E6350005C4CB4 /* Embed Watch Content */,
			);
			buildRules = (
			);
			dependencies = (
				513EAAA4252E634F005C4CB4 /* PBXTargetDependency */,
			);
			name = Project12;
			productName = Project12;
			productReference = 513EAA92252E634E005C4CB4 /* Project12.app */;
			productType = "com.apple.product-type.application";
		};
		513EAAA0252E634F005C4CB4 /* Project12 WatchKit App */ = {
			isa = PBXNativeTarget;
			buildConfigurationList = 513EAAC4252E6350005C4CB4 /* Build configuration list for PBXNativeTarget "Project12 WatchKit App" */;
			buildPhases = (
				513EAA9F252E634F005C4CB4 /* Resources */,
				513EAAC3252E6350005C4CB4 /* Embed App Extensions */,
			);
			buildRules = (
			);
			dependencies = (
				513EAAB0252E6350005C4CB4 /* PBXTargetDependency */,
			);
			name = "Project12 WatchKit App";
			productName = "Project12 WatchKit App";
			productReference = 513EAAA1252E634F005C4CB4 /* Project12 WatchKit App.app */;
			productType = "com.apple.product-type.application.watchapp2";
		};
		513EAAAC252E6350005C4CB4 /* Project12 WatchKit Extension */ = {
			isa = PBXNativeTarget;
			buildConfigurationList = 513EAAC0252E6350005C4CB4 /* Build configuration list for PBXNativeTarget "Project12 WatchKit Extension" */;
			buildPhases = (
				513EAAA9252E6350005C4CB4 /* Sources */,
				513EAAAA252E6350005C4CB4 /* Frameworks */,
				513EAAAB252E6350005C4CB4 /* Resources */,
			);
			buildRules = (
			);
			dependencies = (
			);
			name = "Project12 WatchKit Extension";
			productName = "Project12 WatchKit Extension";
			productReference = 513EAAAD252E6350005C4CB4 /* Project12 WatchKit Extension.appex */;
			productType = "com.apple.product-type.watchkit2-extension";
		};
/* End PBXNativeTarget section */

/* Begin PBXProject section */
		513EAA8A252E634D005C4CB4 /* Project object */ = {
			isa = PBXProject;
			attributes = {
				LastSwiftUpdateCheck = 1200;
				LastUpgradeCheck = 1200;
				TargetAttributes = {
					513EAA91252E634E005C4CB4 = {
						CreatedOnToolsVersion = 12.0;
					};
					513EAAA0252E634F005C4CB4 = {
						CreatedOnToolsVersion = 12.0;
					};
					513EAAAC252E6350005C4CB4 = {
						CreatedOnToolsVersion = 12.0;
					};
				};
			};
			buildConfigurationList = 513EAA8D252E634D005C4CB4 /* Build configuration list for PBXProject "Project12" */;
			compatibilityVersion = "Xcode 9.3";
			developmentRegion = en;
			hasScannedForEncodings = 0;
			knownRegions = (
				en,
				Base,
			);
			mainGroup = 513EAA89252E634D005C4CB4;
			productRefGroup = 513EAA93252E634E005C4CB4 /* Products */;
			projectDirPath = "";
			projectRoot = "";
			targets = (
				513EAA91252E634E005C4CB4 /* Project12 */,
				513EAAA0252E634F005C4CB4 /* Project12 WatchKit App */,
				513EAAAC252E6350005C4CB4 /* Project12 WatchKit Extension */,
			);
		};
/* End PBXProject section */

/* Begin PBXResourcesBuildPhase section */
		513EAA90252E634E005C4CB4 /* Resources */ = {
			isa = PBXResourcesBuildPhase;
			buildActionMask = 2147483647;
			files = (
				513EAA9D252E634F005C4CB4 /* Preview Assets.xcassets in Resources */,
				513EAA9A252E634F005C4CB4 /* Assets.xcassets in Resources */,
			);
			runOnlyForDeploymentPostprocessing = 0;
		};
		513EAA9F252E634F005C4CB4 /* Resources */ = {
			isa = PBXResourcesBuildPhase;
			buildActionMask = 2147483647;
			files = (
				513EAAA7252E6350005C4CB4 /* Assets.xcassets in Resources */,
			);
			runOnlyForDeploymentPostprocessing = 0;
		};
		513EAAAB252E6350005C4CB4 /* Resources */ = {
			isa = PBXResourcesBuildPhase;
			buildActionMask = 2147483647;
			files = (
				513EAABC252E6350005C4CB4 /* Preview Assets.xcassets in Resources */,
				513EAAB9252E6350005C4CB4 /* Assets.xcassets in Resources */,
			);
			runOnlyForDeploymentPostprocessing = 0;
		};
/* End PBXResourcesBuildPhase section */

/* Begin PBXSourcesBuildPhase section */
		513EAA8E252E634E005C4CB4 /* Sources */ = {
			isa = PBXSourcesBuildPhase;
			buildActionMask = 2147483647;
			files = (
				513EAA98252E634E005C4CB4 /* ContentView.swift in Sources */,
				513EAA96252E634E005C4CB4 /* Project12App.swift in Sources */,
				513EAACF252E6390005C4CB4 /* Connectivity.swift in Sources */,
			);
			runOnlyForDeploymentPostprocessing = 0;
		};
		513EAAA9252E6350005C4CB4 /* Sources */ = {
			isa = PBXSourcesBuildPhase;
			buildActionMask = 2147483647;
			files = (
				513EAAD0252E6390005C4CB4 /* Connectivity.swift in Sources */,
				513EAAB5252E6350005C4CB4 /* Project12App.swift in Sources */,
				513EAAB3252E6350005C4CB4 /* ContentView.swift in Sources */,
				513EAAB7252E6350005C4CB4 /* ComplicationController.swift in Sources */,
			);
			runOnlyForDeploymentPostprocessing = 0;
		};
/* End PBXSourcesBuildPhase section */

/* Begin PBXTargetDependency section */
		513EAAA4252E634F005C4CB4 /* PBXTargetDependency */ = {
			isa = PBXTargetDependency;
			target = 513EAAA0252E634F005C4CB4 /* Project12 WatchKit App */;
			targetProxy = 513EAAA3252E634F005C4CB4 /* PBXContainerItemProxy */;
		};
		513EAAB0252E6350005C4CB4 /* PBXTargetDependency */ = {
			isa = PBXTargetDependency;
			target = 513EAAAC252E6350005C4CB4 /* Project12 WatchKit Extension */;
			targetProxy = 513EAAAF252E6350005C4CB4 /* PBXContainerItemProxy */;
		};
/* End PBXTargetDependency section */

/* Begin XCBuildConfiguration section */
		513EAABE252E6350005C4CB4 /* Debug */ = {
			isa = XCBuildConfiguration;
			buildSettings = {
				ALWAYS_SEARCH_USER_PATHS = NO;
				CLANG_ANALYZER_NONNULL = YES;
				CLANG_ANALYZER_NUMBER_OBJECT_CONVERSION = YES_AGGRESSIVE;
				CLANG_CXX_LANGUAGE_STANDARD = "gnu++14";
				CLANG_CXX_LIBRARY = "libc++";
				CLANG_ENABLE_MODULES = YES;
				CLANG_ENABLE_OBJC_ARC = YES;
				CLANG_ENABLE_OBJC_WEAK = YES;
				CLANG_WARN_BLOCK_CAPTURE_AUTORELEASING = YES;
				CLANG_WARN_BOOL_CONVERSION = YES;
				CLANG_WARN_COMMA = YES;
				CLANG_WARN_CONSTANT_CONVERSION = YES;
				CLANG_WARN_DEPRECATED_OBJC_IMPLEMENTATIONS = YES;
				CLANG_WARN_DIRECT_OBJC_ISA_USAGE = YES_ERROR;
				CLANG_WARN_DOCUMENTATION_COMMENTS = YES;
				CLANG_WARN_EMPTY_BODY = YES;
				CLANG_WARN_ENUM_CONVERSION = YES;
				CLANG_WARN_INFINITE_RECURSION = YES;
				CLANG_WARN_INT_CONVERSION = YES;
				CLANG_WARN_NON_LITERAL_NULL_CONVERSION = YES;
				CLANG_WARN_OBJC_IMPLICIT_RETAIN_SELF = YES;
				CLANG_WARN_OBJC_LITERAL_CONVERSION = YES;
				CLANG_WARN_OBJC_ROOT_CLASS = YES_ERROR;
				CLANG_WARN_QUOTED_INCLUDE_IN_FRAMEWORK_HEADER = YES;
				CLANG_WARN_RANGE_LOOP_ANALYSIS = YES;
				CLANG_WARN_STRICT_PROTOTYPES = YES;
				CLANG_WARN_SUSPICIOUS_MOVE = YES;
				CLANG_WARN_UNGUARDED_AVAILABILITY = YES_AGGRESSIVE;
				CLANG_WARN_UNREACHABLE_CODE = YES;
				CLANG_WARN__DUPLICATE_METHOD_MATCH = YES;
				COPY_PHASE_STRIP = NO;
				DEBUG_INFORMATION_FORMAT = dwarf;
				ENABLE_STRICT_OBJC_MSGSEND = YES;
				ENABLE_TESTABILITY = YES;
				GCC_C_LANGUAGE_STANDARD = gnu11;
				GCC_DYNAMIC_NO_PIC = NO;
				GCC_NO_COMMON_BLOCKS = YES;
				GCC_OPTIMIZATION_LEVEL = 0;
				GCC_PREPROCESSOR_DEFINITIONS = (
					"DEBUG=1",
					"$(inherited)",
				);
				GCC_WARN_64_TO_32_BIT_CONVERSION = YES;
				GCC_WARN_ABOUT_RETURN_TYPE = YES_ERROR;
				GCC_WARN_UNDECLARED_SELECTOR = YES;
				GCC_WARN_UNINITIALIZED_AUTOS = YES_AGGRESSIVE;
				GCC_WARN_UNUSED_FUNCTION = YES;
				GCC_WARN_UNUSED_VARIABLE = YES;
				MTL_ENABLE_DEBUG_INFO = INCLUDE_SOURCE;
				MTL_FAST_MATH = YES;
				ONLY_ACTIVE_ARCH = YES;
				SWIFT_ACTIVE_COMPILATION_CONDITIONS = DEBUG;
				SWIFT_OPTIMIZATION_LEVEL = "-Onone";
			};
			name = Debug;
		};
		513EAABF252E6350005C4CB4 /* Release */ = {
			isa = XCBuildConfiguration;
			buildSettings = {
				ALWAYS_SEARCH_USER_PATHS = NO;
				CLANG_ANALYZER_NONNULL = YES;
				CLANG_ANALYZER_NUMBER_OBJECT_CONVERSION = YES_AGGRESSIVE;
				CLANG_CXX_LANGUAGE_STANDARD = "gnu++14";
				CLANG_CXX_LIBRARY = "libc++";
				CLANG_ENABLE_MODULES = YES;
				CLANG_ENABLE_OBJC_ARC = YES;
				CLANG_ENABLE_OBJC_WEAK = YES;
				CLANG_WARN_BLOCK_CAPTURE_AUTORELEASING = YES;
				CLANG_WARN_BOOL_CONVERSION = YES;
				CLANG_WARN_COMMA = YES;
				CLANG_WARN_CONSTANT_CONVERSION = YES;
				CLANG_WARN_DEPRECATED_OBJC_IMPLEMENTATIONS = YES;
				CLANG_WARN_DIRECT_OBJC_ISA_USAGE = YES_ERROR;
				CLANG_WARN_DOCUMENTATION_COMMENTS = YES;
				CLANG_WARN_EMPTY_BODY = YES;
				CLANG_WARN_ENUM_CONVERSION = YES;
				CLANG_WARN_INFINITE_RECURSION = YES;
				CLANG_WARN_INT_CONVERSION = YES;
				CLANG_WARN_NON_LITERAL_NULL_CONVERSION = YES;
				CLANG_WARN_OBJC_IMPLICIT_RETAIN_SELF = YES;
				CLANG_WARN_OBJC_LITERAL_CONVERSION = YES;
				CLANG_WARN_OBJC_ROOT_CLASS = YES_ERROR;
				CLANG_WARN_QUOTED_INCLUDE_IN_FRAMEWORK_HEADER = YES;
				CLANG_WARN_RANGE_LOOP_ANALYSIS = YES;
				CLANG_WARN_STRICT_PROTOTYPES = YES;
				CLANG_WARN_SUSPICIOUS_MOVE = YES;
				CLANG_WARN_UNGUARDED_AVAILABILITY = YES_AGGRESSIVE;
				CLANG_WARN_UNREACHABLE_CODE = YES;
				CLANG_WARN__DUPLICATE_METHOD_MATCH = YES;
				COPY_PHASE_STRIP = NO;
				DEBUG_INFORMATION_FORMAT = "dwarf-with-dsym";
				ENABLE_NS_ASSERTIONS = NO;
				ENABLE_STRICT_OBJC_MSGSEND = YES;
				GCC_C_LANGUAGE_STANDARD = gnu11;
				GCC_NO_COMMON_BLOCKS = YES;
				GCC_WARN_64_TO_32_BIT_CONVERSION = YES;
				GCC_WARN_ABOUT_RETURN_TYPE = YES_ERROR;
				GCC_WARN_UNDECLARED_SELECTOR = YES;
				GCC_WARN_UNINITIALIZED_AUTOS = YES_AGGRESSIVE;
				GCC_WARN_UNUSED_FUNCTION = YES;
				GCC_WARN_UNUSED_VARIABLE = YES;
				MTL_ENABLE_DEBUG_INFO = NO;
				MTL_FAST_MATH = YES;
				SWIFT_COMPILATION_MODE = wholemodule;
				SWIFT_OPTIMIZATION_LEVEL = "-O";
			};
			name = Release;
		};
		513EAAC1252E6350005C4CB4 /* Debug */ = {
			isa = XCBuildConfiguration;
			buildSettings = {
				ASSETCATALOG_COMPILER_COMPLICATION_NAME = Complication;
				CODE_SIGN_STYLE = Automatic;
				DEVELOPMENT_ASSET_PATHS = "\"Project12 WatchKit Extension/Preview Content\"";
				DEVELOPMENT_TEAM = B5C26XE59E;
				ENABLE_PREVIEWS = YES;
				INFOPLIST_FILE = "Project12 WatchKit Extension/Info.plist";
				LD_RUNPATH_SEARCH_PATHS = (
					"$(inherited)",
					"@executable_path/Frameworks",
					"@executable_path/../../Frameworks",
				);
				PRODUCT_BUNDLE_IDENTIFIER = com.hackingwithswift.Project12.watchkitapp.watchkitextension;
				PRODUCT_NAME = "${TARGET_NAME}";
				SDKROOT = watchos;
				SKIP_INSTALL = YES;
				SWIFT_VERSION = 5.0;
				TARGETED_DEVICE_FAMILY = 4;
				WATCHOS_DEPLOYMENT_TARGET = 7.0;
			};
			name = Debug;
		};
		513EAAC2252E6350005C4CB4 /* Release */ = {
			isa = XCBuildConfiguration;
			buildSettings = {
				ASSETCATALOG_COMPILER_COMPLICATION_NAME = Complication;
				CODE_SIGN_STYLE = Automatic;
				DEVELOPMENT_ASSET_PATHS = "\"Project12 WatchKit Extension/Preview Content\"";
				DEVELOPMENT_TEAM = B5C26XE59E;
				ENABLE_PREVIEWS = YES;
				INFOPLIST_FILE = "Project12 WatchKit Extension/Info.plist";
				LD_RUNPATH_SEARCH_PATHS = (
					"$(inherited)",
					"@executable_path/Frameworks",
					"@executable_path/../../Frameworks",
				);
				PRODUCT_BUNDLE_IDENTIFIER = com.hackingwithswift.Project12.watchkitapp.watchkitextension;
				PRODUCT_NAME = "${TARGET_NAME}";
				SDKROOT = watchos;
				SKIP_INSTALL = YES;
				SWIFT_VERSION = 5.0;
				TARGETED_DEVICE_FAMILY = 4;
				VALIDATE_PRODUCT = YES;
				WATCHOS_DEPLOYMENT_TARGET = 7.0;
			};
			name = Release;
		};
		513EAAC5252E6350005C4CB4 /* Debug */ = {
			isa = XCBuildConfiguration;
			buildSettings = {
				ALWAYS_EMBED_SWIFT_STANDARD_LIBRARIES = YES;
				ASSETCATALOG_COMPILER_APPICON_NAME = AppIcon;
				ASSETCATALOG_COMPILER_GLOBAL_ACCENT_COLOR_NAME = AccentColor;
				CODE_SIGN_STYLE = Automatic;
				DEVELOPMENT_TEAM = B5C26XE59E;
				IBSC_MODULE = Project12_WatchKit_Extension;
				INFOPLIST_FILE = "Project12 WatchKit App/Info.plist";
				PRODUCT_BUNDLE_IDENTIFIER = com.hackingwithswift.Project12.watchkitapp;
				PRODUCT_NAME = "$(TARGET_NAME)";
				SDKROOT = watchos;
				SKIP_INSTALL = YES;
				SWIFT_VERSION = 5.0;
				TARGETED_DEVICE_FAMILY = 4;
				WATCHOS_DEPLOYMENT_TARGET = 7.0;
			};
			name = Debug;
		};
		513EAAC6252E6350005C4CB4 /* Release */ = {
			isa = XCBuildConfiguration;
			buildSettings = {
				ALWAYS_EMBED_SWIFT_STANDARD_LIBRARIES = YES;
				ASSETCATALOG_COMPILER_APPICON_NAME = AppIcon;
				ASSETCATALOG_COMPILER_GLOBAL_ACCENT_COLOR_NAME = AccentColor;
				CODE_SIGN_STYLE = Automatic;
				DEVELOPMENT_TEAM = B5C26XE59E;
				IBSC_MODULE = Project12_WatchKit_Extension;
				INFOPLIST_FILE = "Project12 WatchKit App/Info.plist";
				PRODUCT_BUNDLE_IDENTIFIER = com.hackingwithswift.Project12.watchkitapp;
				PRODUCT_NAME = "$(TARGET_NAME)";
				SDKROOT = watchos;
				SKIP_INSTALL = YES;
				SWIFT_VERSION = 5.0;
				TARGETED_DEVICE_FAMILY = 4;
				VALIDATE_PRODUCT = YES;
				WATCHOS_DEPLOYMENT_TARGET = 7.0;
			};
			name = Release;
		};
		513EAAC9252E6350005C4CB4 /* Debug */ = {
			isa = XCBuildConfiguration;
			buildSettings = {
				ASSETCATALOG_COMPILER_APPICON_NAME = AppIcon;
				ASSETCATALOG_COMPILER_GLOBAL_ACCENT_COLOR_NAME = AccentColor;
				CODE_SIGN_STYLE = Automatic;
				DEVELOPMENT_ASSET_PATHS = "\"Project12/Preview Content\"";
				DEVELOPMENT_TEAM = B5C26XE59E;
				ENABLE_PREVIEWS = YES;
				INFOPLIST_FILE = Project12/Info.plist;
				IPHONEOS_DEPLOYMENT_TARGET = 14.0;
				LD_RUNPATH_SEARCH_PATHS = (
					"$(inherited)",
					"@executable_path/Frameworks",
				);
				PRODUCT_BUNDLE_IDENTIFIER = com.hackingwithswift.Project12;
				PRODUCT_NAME = "$(TARGET_NAME)";
				SDKROOT = iphoneos;
				SWIFT_VERSION = 5.0;
				TARGETED_DEVICE_FAMILY = "1,2";
			};
			name = Debug;
		};
		513EAACA252E6350005C4CB4 /* Release */ = {
			isa = XCBuildConfiguration;
			buildSettings = {
				ASSETCATALOG_COMPILER_APPICON_NAME = AppIcon;
				ASSETCATALOG_COMPILER_GLOBAL_ACCENT_COLOR_NAME = AccentColor;
				CODE_SIGN_STYLE = Automatic;
				DEVELOPMENT_ASSET_PATHS = "\"Project12/Preview Content\"";
				DEVELOPMENT_TEAM = B5C26XE59E;
				ENABLE_PREVIEWS = YES;
				INFOPLIST_FILE = Project12/Info.plist;
				IPHONEOS_DEPLOYMENT_TARGET = 14.0;
				LD_RUNPATH_SEARCH_PATHS = (
					"$(inherited)",
					"@executable_path/Frameworks",
				);
				PRODUCT_BUNDLE_IDENTIFIER = com.hackingwithswift.Project12;
				PRODUCT_NAME = "$(TARGET_NAME)";
				SDKROOT = iphoneos;
				SWIFT_VERSION = 5.0;
				TARGETED_DEVICE_FAMILY = "1,2";
				VALIDATE_PRODUCT = YES;
			};
			name = Release;
		};
/* End XCBuildConfiguration section */

/* Begin XCConfigurationList section */
		513EAA8D252E634D005C4CB4 /* Build configuration list for PBXProject "Project12" */ = {
			isa = XCConfigurationList;
			buildConfigurations = (
				513EAABE252E6350005C4CB4 /* Debug */,
				513EAABF252E6350005C4CB4 /* Release */,
			);
			defaultConfigurationIsVisible = 0;
			defaultConfigurationName = Release;
		};
		513EAAC0252E6350005C4CB4 /* Build configuration list for PBXNativeTarget "Project12 WatchKit Extension" */ = {
			isa = XCConfigurationList;
			buildConfigurations = (
				513EAAC1252E6350005C4CB4 /* Debug */,
				513EAAC2252E6350005C4CB4 /* Release */,
			);
			defaultConfigurationIsVisible = 0;
			defaultConfigurationName = Release;
		};
		513EAAC4252E6350005C4CB4 /* Build configuration list for PBXNativeTarget "Project12 WatchKit App" */ = {
			isa = XCConfigurationList;
			buildConfigurations = (
				513EAAC5252E6350005C4CB4 /* Debug */,
				513EAAC6252E6350005C4CB4 /* Release */,
			);
			defaultConfigurationIsVisible = 0;
			defaultConfigurationName = Release;
		};
		513EAAC8252E6350005C4CB4 /* Build configuration list for PBXNativeTarget "Project12" */ = {
			isa = XCConfigurationList;
			buildConfigurations = (
				513EAAC9252E6350005C4CB4 /* Debug */,
				513EAACA252E6350005C4CB4 /* Release */,
			);
			defaultConfigurationIsVisible = 0;
			defaultConfigurationName = Release;
		};
/* End XCConfigurationList section */
	};
	rootObject = 513EAA8A252E634D005C4CB4 /* Project object */;
}
