// !$*UTF8*$!
{
	archiveVersion = 1;
	classes = {
	};
	objectVersion = 56;
	objects = {

/* Begin PBXBuildFile section */
		514F366128F3303B00C4B1D3 /* Project10 Watch App.app in Embed Watch Content */ = {isa = PBXBuildFile; fileRef = 514F366028F3303B00C4B1D3 /* Project10 Watch App.app */; settings = {ATTRIBUTES = (RemoveHeadersOnCopy, ); }; };
		514F366628F3303B00C4B1D3 /* Project10App.swift in Sources */ = {isa = PBXBuildFile; fileRef = 514F366528F3303B00C4B1D3 /* Project10App.swift */; };
		514F366828F3303B00C4B1D3 /* ContentView.swift in Sources */ = {isa = PBXBuildFile; fileRef = 514F366728F3303B00C4B1D3 /* ContentView.swift */; };
		514F366A28F3303B00C4B1D3 /* Assets.xcassets in Resources */ = {isa = PBXBuildFile; fileRef = 514F366928F3303B00C4B1D3 /* Assets.xcassets */; };
		514F366D28F3303B00C4B1D3 /* Preview Assets.xcassets in Resources */ = {isa = PBXBuildFile; fileRef = 514F366C28F3303B00C4B1D3 /* Preview Assets.xcassets */; };
		514F367828F3305600C4B1D3 /* WorkoutView.swift in Sources */ = {isa = PBXBuildFile; fileRef = 514F367728F3305600C4B1D3 /* WorkoutView.swift */; };
		514F367B28F3328500C4B1D3 /* DataManager.swift in Sources */ = {isa = PBXBuildFile; fileRef = 514F367A28F3328500C4B1D3 /* DataManager.swift */; };
/* End PBXBuildFile section */

/* Begin PBXContainerItemProxy section */
		514F366228F3303B00C4B1D3 /* PBXContainerItemProxy */ = {
			isa = PBXContainerItemProxy;
			containerPortal = 514F365428F3303B00C4B1D3 /* Project object */;
			proxyType = 1;
			remoteGlobalIDString = 514F365F28F3303B00C4B1D3;
			remoteInfo = "Project10 Watch App";
		};
/* End PBXContainerItemProxy section */

/* Begin PBXCopyFilesBuildPhase section */
		514F367328F3303B00C4B1D3 /* Embed Watch Content */ = {
			isa = PBXCopyFilesBuildPhase;
			buildActionMask = 2147483647;
			dstPath = "$(CONTENTS_FOLDER_PATH)/Watch";
			dstSubfolderSpec = 16;
			files = (
				514F366128F3303B00C4B1D3 /* Project10 Watch App.app in Embed Watch Content */,
			);
			name = "Embed Watch Content";
			runOnlyForDeploymentPostprocessing = 0;
		};
/* End PBXCopyFilesBuildPhase section */

/* Begin PBXFileReference section */
		514F365A28F3303B00C4B1D3 /* Project10.app */ = {isa = PBXFileReference; explicitFileType = wrapper.application; includeInIndex = 0; path = Project10.app; sourceTree = BUILT_PRODUCTS_DIR; };
		514F366028F3303B00C4B1D3 /* Project10 Watch App.app */ = {isa = PBXFileReference; explicitFileType = wrapper.application; includeInIndex = 0; path = "Project10 Watch App.app"; sourceTree = BUILT_PRODUCTS_DIR; };
		514F366528F3303B00C4B1D3 /* Project10App.swift */ = {isa = PBXFileReference; lastKnownFileType = sourcecode.swift; path = Project10App.swift; sourceTree = "<group>"; };
		514F366728F3303B00C4B1D3 /* ContentView.swift */ = {isa = PBXFileReference; lastKnownFileType = sourcecode.swift; path = ContentView.swift; sourceTree = "<group>"; };
		514F366928F3303B00C4B1D3 /* Assets.xcassets */ = {isa = PBXFileReference; lastKnownFileType = folder.assetcatalog; path = Assets.xcassets; sourceTree = "<group>"; };
		514F366C28F3303B00C4B1D3 /* Preview Assets.xcassets */ = {isa = PBXFileReference; lastKnownFileType = folder.assetcatalog; path = "Preview Assets.xcassets"; sourceTree = "<group>"; };
		514F367728F3305600C4B1D3 /* WorkoutView.swift */ = {isa = PBXFileReference; lastKnownFileType = sourcecode.swift; path = WorkoutView.swift; sourceTree = "<group>"; };
		514F367928F3326A00C4B1D3 /* Project10 Watch App.entitlements */ = {isa = PBXFileReference; lastKnownFileType = text.plist.entitlements; path = "Project10 Watch App.entitlements"; sourceTree = "<group>"; };
		514F367A28F3328500C4B1D3 /* DataManager.swift */ = {isa = PBXFileReference; lastKnownFileType = sourcecode.swift; path = DataManager.swift; sourceTree = "<group>"; };
/* End PBXFileReference section */

/* Begin PBXFrameworksBuildPhase section */
		514F365D28F3303B00C4B1D3 /* Frameworks */ = {
			isa = PBXFrameworksBuildPhase;
			buildActionMask = 2147483647;
			files = (
			);
			runOnlyForDeploymentPostprocessing = 0;
		};
/* End PBXFrameworksBuildPhase section */

/* Begin PBXGroup section */
		514F365328F3303B00C4B1D3 = {
			isa = PBXGroup;
			children = (
				514F366428F3303B00C4B1D3 /* Project10 Watch App */,
				514F365B28F3303B00C4B1D3 /* Products */,
			);
			sourceTree = "<group>";
		};
		514F365B28F3303B00C4B1D3 /* Products */ = {
			isa = PBXGroup;
			children = (
				514F365A28F3303B00C4B1D3 /* Project10.app */,
				514F366028F3303B00C4B1D3 /* Project10 Watch App.app */,
			);
			name = Products;
			sourceTree = "<group>";
		};
		514F366428F3303B00C4B1D3 /* Project10 Watch App */ = {
			isa = PBXGroup;
			children = (
				514F367928F3326A00C4B1D3 /* Project10 Watch App.entitlements */,
				514F366528F3303B00C4B1D3 /* Project10App.swift */,
				514F366728F3303B00C4B1D3 /* ContentView.swift */,
				514F367728F3305600C4B1D3 /* WorkoutView.swift */,
				514F367A28F3328500C4B1D3 /* DataManager.swift */,
				514F366928F3303B00C4B1D3 /* Assets.xcassets */,
				514F366B28F3303B00C4B1D3 /* Preview Content */,
			);
			path = "Project10 Watch App";
			sourceTree = "<group>";
		};
		514F366B28F3303B00C4B1D3 /* Preview Content */ = {
			isa = PBXGroup;
			children = (
				514F366C28F3303B00C4B1D3 /* Preview Assets.xcassets */,
			);
			path = "Preview Content";
			sourceTree = "<group>";
		};
/* End PBXGroup section */

/* Begin PBXNativeTarget section */
		514F365928F3303B00C4B1D3 /* Project10 */ = {
			isa = PBXNativeTarget;
			buildConfigurationList = 514F367428F3303B00C4B1D3 /* Build configuration list for PBXNativeTarget "Project10" */;
			buildPhases = (
				514F365828F3303B00C4B1D3 /* Resources */,
				514F367328F3303B00C4B1D3 /* Embed Watch Content */,
			);
			buildRules = (
			);
			dependencies = (
				514F366328F3303B00C4B1D3 /* PBXTargetDependency */,
			);
			name = Project10;
			productName = Project10;
			productReference = 514F365A28F3303B00C4B1D3 /* Project10.app */;
			productType = "com.apple.product-type.application.watchapp2-container";
		};
		514F365F28F3303B00C4B1D3 /* Project10 Watch App */ = {
			isa = PBXNativeTarget;
			buildConfigurationList = 514F367028F3303B00C4B1D3 /* Build configuration list for PBXNativeTarget "Project10 Watch App" */;
			buildPhases = (
				514F365C28F3303B00C4B1D3 /* Sources */,
				514F365D28F3303B00C4B1D3 /* Frameworks */,
				514F365E28F3303B00C4B1D3 /* Resources */,
			);
			buildRules = (
			);
			dependencies = (
			);
			name = "Project10 Watch App";
			productName = "Project10 Watch App";
			productReference = 514F366028F3303B00C4B1D3 /* Project10 Watch App.app */;
			productType = "com.apple.product-type.application";
		};
/* End PBXNativeTarget section */

/* Begin PBXProject section */
		514F365428F3303B00C4B1D3 /* Project object */ = {
			isa = PBXProject;
			attributes = {
				BuildIndependentTargetsInParallel = 1;
				LastSwiftUpdateCheck = 1400;
				LastUpgradeCheck = 1400;
				TargetAttributes = {
					514F365928F3303B00C4B1D3 = {
						CreatedOnToolsVersion = 14.0.1;
					};
					514F365F28F3303B00C4B1D3 = {
						CreatedOnToolsVersion = 14.0.1;
					};
				};
			};
			buildConfigurationList = 514F365728F3303B00C4B1D3 /* Build configuration list for PBXProject "Project10" */;
			compatibilityVersion = "Xcode 14.0";
			developmentRegion = en;
			hasScannedForEncodings = 0;
			knownRegions = (
				en,
				Base,
			);
			mainGroup = 514F365328F3303B00C4B1D3;
			productRefGroup = 514F365B28F3303B00C4B1D3 /* Products */;
			projectDirPath = "";
			projectRoot = "";
			targets = (
				514F365928F3303B00C4B1D3 /* Project10 */,
				514F365F28F3303B00C4B1D3 /* Project10 Watch App */,
			);
		};
/* End PBXProject section */

/* Begin PBXResourcesBuildPhase section */
		514F365828F3303B00C4B1D3 /* Resources */ = {
			isa = PBXResourcesBuildPhase;
			buildActionMask = 2147483647;
			files = (
			);
			runOnlyForDeploymentPostprocessing = 0;
		};
		514F365E28F3303B00C4B1D3 /* Resources */ = {
			isa = PBXResourcesBuildPhase;
			buildActionMask = 2147483647;
			files = (
				514F366D28F3303B00C4B1D3 /* Preview Assets.xcassets in Resources */,
				514F366A28F3303B00C4B1D3 /* Assets.xcassets in Resources */,
			);
			runOnlyForDeploymentPostprocessing = 0;
		};
/* End PBXResourcesBuildPhase section */

/* Begin PBXSourcesBuildPhase section */
		514F365C28F3303B00C4B1D3 /* Sources */ = {
			isa = PBXSourcesBuildPhase;
			buildActionMask = 2147483647;
			files = (
				514F366828F3303B00C4B1D3 /* ContentView.swift in Sources */,
				514F367B28F3328500C4B1D3 /* DataManager.swift in Sources */,
				514F367828F3305600C4B1D3 /* WorkoutView.swift in Sources */,
				514F366628F3303B00C4B1D3 /* Project10App.swift in Sources */,
			);
			runOnlyForDeploymentPostprocessing = 0;
		};
/* End PBXSourcesBuildPhase section */

/* Begin PBXTargetDependency section */
		514F366328F3303B00C4B1D3 /* PBXTargetDependency */ = {
			isa = PBXTargetDependency;
			target = 514F365F28F3303B00C4B1D3 /* Project10 Watch App */;
			targetProxy = 514F366228F3303B00C4B1D3 /* PBXContainerItemProxy */;
		};
/* End PBXTargetDependency section */

/* Begin XCBuildConfiguration section */
		514F366E28F3303B00C4B1D3 /* Debug */ = {
			isa = XCBuildConfiguration;
			buildSettings = {
				ALWAYS_SEARCH_USER_PATHS = NO;
				CLANG_ANALYZER_NONNULL = YES;
				CLANG_ANALYZER_NUMBER_OBJECT_CONVERSION = YES_AGGRESSIVE;
				CLANG_CXX_LANGUAGE_STANDARD = "gnu++20";
				CLANG_ENABLE_MODULES = YES;
				CLANG_ENABLE_OBJC_ARC = YES;
				CLANG_ENABLE_OBJC_WEAK = YES;
				CLANG_WARN_BLOCK_CAPTURE_AUTORELEASING = YES;
				CLANG_WARN_BOOL_CONVERSION = YES;
				CLANG_WARN_COMMA = YES;
				CLANG_WARN_CONSTANT_CONVERSION = YES;
				CLANG_WARN_DEPRECATED_OBJC_IMPLEMENTATIONS = YES;
				CLANG_WARN_DIRECT_OBJC_ISA_USAGE = YES_ERROR;
				CLANG_WARN_DOCUMENTATION_COMMENTS = YES;
				CLANG_WARN_EMPTY_BODY = YES;
				CLANG_WARN_ENUM_CONVERSION = YES;
				CLANG_WARN_INFINITE_RECURSION = YES;
				CLANG_WARN_INT_CONVERSION = YES;
				CLANG_WARN_NON_LITERAL_NULL_CONVERSION = YES;
				CLANG_WARN_OBJC_IMPLICIT_RETAIN_SELF = YES;
				CLANG_WARN_OBJC_LITERAL_CONVERSION = YES;
				CLANG_WARN_OBJC_ROOT_CLASS = YES_ERROR;
				CLANG_WARN_QUOTED_INCLUDE_IN_FRAMEWORK_HEADER = YES;
				CLANG_WARN_RANGE_LOOP_ANALYSIS = YES;
				CLANG_WARN_STRICT_PROTOTYPES = YES;
				CLANG_WARN_SUSPICIOUS_MOVE = YES;
				CLANG_WARN_UNGUARDED_AVAILABILITY = YES_AGGRESSIVE;
				CLANG_WARN_UNREACHABLE_CODE = YES;
				CLANG_WARN__DUPLICATE_METHOD_MATCH = YES;
				COPY_PHASE_STRIP = NO;
				DEBUG_INFORMATION_FORMAT = dwarf;
				ENABLE_STRICT_OBJC_MSGSEND = YES;
				ENABLE_TESTABILITY = YES;
				GCC_C_LANGUAGE_STANDARD = gnu11;
				GCC_DYNAMIC_NO_PIC = NO;
				GCC_NO_COMMON_BLOCKS = YES;
				GCC_OPTIMIZATION_LEVEL = 0;
				GCC_PREPROCESSOR_DEFINITIONS = (
					"DEBUG=1",
					"$(inherited)",
				);
				GCC_WARN_64_TO_32_BIT_CONVERSION = YES;
				GCC_WARN_ABOUT_RETURN_TYPE = YES_ERROR;
				GCC_WARN_UNDECLARED_SELECTOR = YES;
				GCC_WARN_UNINITIALIZED_AUTOS = YES_AGGRESSIVE;
				GCC_WARN_UNUSED_FUNCTION = YES;
				GCC_WARN_UNUSED_VARIABLE = YES;
				MTL_ENABLE_DEBUG_INFO = INCLUDE_SOURCE;
				MTL_FAST_MATH = YES;
				ONLY_ACTIVE_ARCH = YES;
				SWIFT_ACTIVE_COMPILATION_CONDITIONS = DEBUG;
				SWIFT_OPTIMIZATION_LEVEL = "-Onone";
			};
			name = Debug;
		};
		514F366F28F3303B00C4B1D3 /* Release */ = {
			isa = XCBuildConfiguration;
			buildSettings = {
				ALWAYS_SEARCH_USER_PATHS = NO;
				CLANG_ANALYZER_NONNULL = YES;
				CLANG_ANALYZER_NUMBER_OBJECT_CONVERSION = YES_AGGRESSIVE;
				CLANG_CXX_LANGUAGE_STANDARD = "gnu++20";
				CLANG_ENABLE_MODULES = YES;
				CLANG_ENABLE_OBJC_ARC = YES;
				CLANG_ENABLE_OBJC_WEAK = YES;
				CLANG_WARN_BLOCK_CAPTURE_AUTORELEASING = YES;
				CLANG_WARN_BOOL_CONVERSION = YES;
				CLANG_WARN_COMMA = YES;
				CLANG_WARN_CONSTANT_CONVERSION = YES;
				CLANG_WARN_DEPRECATED_OBJC_IMPLEMENTATIONS = YES;
				CLANG_WARN_DIRECT_OBJC_ISA_USAGE = YES_ERROR;
				CLANG_WARN_DOCUMENTATION_COMMENTS = YES;
				CLANG_WARN_EMPTY_BODY = YES;
				CLANG_WARN_ENUM_CONVERSION = YES;
				CLANG_WARN_INFINITE_RECURSION = YES;
				CLANG_WARN_INT_CONVERSION = YES;
				CLANG_WARN_NON_LITERAL_NULL_CONVERSION = YES;
				CLANG_WARN_OBJC_IMPLICIT_RETAIN_SELF = YES;
				CLANG_WARN_OBJC_LITERAL_CONVERSION = YES;
				CLANG_WARN_OBJC_ROOT_CLASS = YES_ERROR;
				CLANG_WARN_QUOTED_INCLUDE_IN_FRAMEWORK_HEADER = YES;
				CLANG_WARN_RANGE_LOOP_ANALYSIS = YES;
				CLANG_WARN_STRICT_PROTOTYPES = YES;
				CLANG_WARN_SUSPICIOUS_MOVE = YES;
				CLANG_WARN_UNGUARDED_AVAILABILITY = YES_AGGRESSIVE;
				CLANG_WARN_UNREACHABLE_CODE = YES;
				CLANG_WARN__DUPLICATE_METHOD_MATCH = YES;
				COPY_PHASE_STRIP = NO;
				DEBUG_INFORMATION_FORMAT = "dwarf-with-dsym";
				ENABLE_NS_ASSERTIONS = NO;
				ENABLE_STRICT_OBJC_MSGSEND = YES;
				GCC_C_LANGUAGE_STANDARD = gnu11;
				GCC_NO_COMMON_BLOCKS = YES;
				GCC_WARN_64_TO_32_BIT_CONVERSION = YES;
				GCC_WARN_ABOUT_RETURN_TYPE = YES_ERROR;
				GCC_WARN_UNDECLARED_SELECTOR = YES;
				GCC_WARN_UNINITIALIZED_AUTOS = YES_AGGRESSIVE;
				GCC_WARN_UNUSED_FUNCTION = YES;
				GCC_WARN_UNUSED_VARIABLE = YES;
				MTL_ENABLE_DEBUG_INFO = NO;
				MTL_FAST_MATH = YES;
				SWIFT_COMPILATION_MODE = wholemodule;
				SWIFT_OPTIMIZATION_LEVEL = "-O";
			};
			name = Release;
		};
		514F367128F3303B00C4B1D3 /* Debug */ = {
			isa = XCBuildConfiguration;
			buildSettings = {
				ASSETCATALOG_COMPILER_APPICON_NAME = AppIcon;
				ASSETCATALOG_COMPILER_GLOBAL_ACCENT_COLOR_NAME = AccentColor;
				CODE_SIGN_ENTITLEMENTS = "Project10 Watch App/Project10 Watch App.entitlements";
				CODE_SIGN_STYLE = Automatic;
				CURRENT_PROJECT_VERSION = 1;
				DEVELOPMENT_ASSET_PATHS = "\"Project10 Watch App/Preview Content\"";
				DEVELOPMENT_TEAM = B5C26XE59E;
				ENABLE_PREVIEWS = YES;
				GENERATE_INFOPLIST_FILE = YES;
				INFOPLIST_KEY_CFBundleDisplayName = Project10;
				INFOPLIST_KEY_NSHealthShareUsageDescription = "We read your health data during workouts.";
				INFOPLIST_KEY_NSHealthUpdateUsageDescription = "We need to save your completed workouts.";
				INFOPLIST_KEY_UISupportedInterfaceOrientations = "UIInterfaceOrientationPortrait UIInterfaceOrientationPortraitUpsideDown";
				INFOPLIST_KEY_WKWatchOnly = YES;
				LD_RUNPATH_SEARCH_PATHS = (
					"$(inherited)",
					"@executable_path/Frameworks",
				);
				MARKETING_VERSION = 1.0;
				PRODUCT_BUNDLE_IDENTIFIER = com.hackingwithswift.Project10.watchkitapp;
				PRODUCT_NAME = "$(TARGET_NAME)";
				SDKROOT = watchos;
				SKIP_INSTALL = YES;
				SWIFT_EMIT_LOC_STRINGS = YES;
				SWIFT_VERSION = 5.0;
				TARGETED_DEVICE_FAMILY = 4;
				WATCHOS_DEPLOYMENT_TARGET = 9.0;
			};
			name = Debug;
		};
		514F367228F3303B00C4B1D3 /* Release */ = {
			isa = XCBuildConfiguration;
			buildSettings = {
				ASSETCATALOG_COMPILER_APPICON_NAME = AppIcon;
				ASSETCATALOG_COMPILER_GLOBAL_ACCENT_COLOR_NAME = AccentColor;
				CODE_SIGN_ENTITLEMENTS = "Project10 Watch App/Project10 Watch App.entitlements";
				CODE_SIGN_STYLE = Automatic;
				CURRENT_PROJECT_VERSION = 1;
				DEVELOPMENT_ASSET_PATHS = "\"Project10 Watch App/Preview Content\"";
				DEVELOPMENT_TEAM = B5C26XE59E;
				ENABLE_PREVIEWS = YES;
				GENERATE_INFOPLIST_FILE = YES;
				INFOPLIST_KEY_CFBundleDisplayName = Project10;
				INFOPLIST_KEY_NSHealthShareUsageDescription = "We read your health data during workouts.";
				INFOPLIST_KEY_NSHealthUpdateUsageDescription = "We need to save your completed workouts.";
				INFOPLIST_KEY_UISupportedInterfaceOrientations = "UIInterfaceOrientationPortrait UIInterfaceOrientationPortraitUpsideDown";
				INFOPLIST_KEY_WKWatchOnly = YES;
				LD_RUNPATH_SEARCH_PATHS = (
					"$(inherited)",
					"@executable_path/Frameworks",
				);
				MARKETING_VERSION = 1.0;
				PRODUCT_BUNDLE_IDENTIFIER = com.hackingwithswift.Project10.watchkitapp;
				PRODUCT_NAME = "$(TARGET_NAME)";
				SDKROOT = watchos;
				SKIP_INSTALL = YES;
				SWIFT_EMIT_LOC_STRINGS = YES;
				SWIFT_VERSION = 5.0;
				TARGETED_DEVICE_FAMILY = 4;
				VALIDATE_PRODUCT = YES;
				WATCHOS_DEPLOYMENT_TARGET = 9.0;
			};
			name = Release;
		};
		514F367528F3303B00C4B1D3 /* Debug */ = {
			isa = XCBuildConfiguration;
			buildSettings = {
				ALWAYS_EMBED_SWIFT_STANDARD_LIBRARIES = YES;
				CODE_SIGN_STYLE = Automatic;
				CURRENT_PROJECT_VERSION = 1;
				DEVELOPMENT_TEAM = B5C26XE59E;
				INFOPLIST_KEY_CFBundleDisplayName = Project10;
				MARKETING_VERSION = 1.0;
				PRODUCT_BUNDLE_IDENTIFIER = com.hackingwithswift.Project10;
				PRODUCT_NAME = "$(TARGET_NAME)";
				SDKROOT = iphoneos;
				SWIFT_VERSION = 5.0;
			};
			name = Debug;
		};
		514F367628F3303B00C4B1D3 /* Release */ = {
			isa = XCBuildConfiguration;
			buildSettings = {
				ALWAYS_EMBED_SWIFT_STANDARD_LIBRARIES = YES;
				CODE_SIGN_STYLE = Automatic;
				CURRENT_PROJECT_VERSION = 1;
				DEVELOPMENT_TEAM = B5C26XE59E;
				INFOPLIST_KEY_CFBundleDisplayName = Project10;
				MARKETING_VERSION = 1.0;
				PRODUCT_BUNDLE_IDENTIFIER = com.hackingwithswift.Project10;
				PRODUCT_NAME = "$(TARGET_NAME)";
				SDKROOT = iphoneos;
				SWIFT_VERSION = 5.0;
				VALIDATE_PRODUCT = YES;
			};
			name = Release;
		};
/* End XCBuildConfiguration section */

/* Begin XCConfigurationList section */
		514F365728F3303B00C4B1D3 /* Build configuration list for PBXProject "Project10" */ = {
			isa = XCConfigurationList;
			buildConfigurations = (
				514F366E28F3303B00C4B1D3 /* Debug */,
				514F366F28F3303B00C4B1D3 /* Release */,
			);
			defaultConfigurationIsVisible = 0;
			defaultConfigurationName = Release;
		};
		514F367028F3303B00C4B1D3 /* Build configuration list for PBXNativeTarget "Project10 Watch App" */ = {
			isa = XCConfigurationList;
			buildConfigurations = (
				514F367128F3303B00C4B1D3 /* Debug */,
				514F367228F3303B00C4B1D3 /* Release */,
			);
			defaultConfigurationIsVisible = 0;
			defaultConfigurationName = Release;
		};
		514F367428F3303B00C4B1D3 /* Build configuration list for PBXNativeTarget "Project10" */ = {
			isa = XCConfigurationList;
			buildConfigurations = (
				514F367528F3303B00C4B1D3 /* Debug */,
				514F367628F3303B00C4B1D3 /* Release */,
			);
			defaultConfigurationIsVisible = 0;
			defaultConfigurationName = Release;
		};
/* End XCConfigurationList section */
	};
	rootObject = 514F365428F3303B00C4B1D3 /* Project object */;
}
