// !$*UTF8*$!
{
	archiveVersion = 1;
	classes = {
	};
	objectVersion = 46;
	objects = {

/* Begin PBXBuildFile section */
		51A1B1D41E8BFE4F0078E733 /* AppDelegate.swift in Sources */ = {isa = PBXBuildFile; fileRef = 51A1B1D31E8BFE4F0078E733 /* AppDelegate.swift */; };
		51A1B1D61E8BFE4F0078E733 /* ViewController.swift in Sources */ = {isa = PBXBuildFile; fileRef = 51A1B1D51E8BFE4F0078E733 /* ViewController.swift */; };
		51A1B1D91E8BFE4F0078E733 /* Main.storyboard in Resources */ = {isa = PBXBuildFile; fileRef = 51A1B1D71E8BFE4F0078E733 /* Main.storyboard */; };
		51A1B1DB1E8BFE4F0078E733 /* Assets.xcassets in Resources */ = {isa = PBXBuildFile; fileRef = 51A1B1DA1E8BFE4F0078E733 /* Assets.xcassets */; };
		51A1B1DE1E8BFE4F0078E733 /* LaunchScreen.storyboard in Resources */ = {isa = PBXBuildFile; fileRef = 51A1B1DC1E8BFE4F0078E733 /* LaunchScreen.storyboard */; };
		51A1B1E31E8BFE4F0078E733 /* Project10 WatchKit App.app in Embed Watch Content */ = {isa = PBXBuildFile; fileRef = 51A1B1E21E8BFE4F0078E733 /* Project10 WatchKit App.app */; };
		51A1B1E91E8BFE4F0078E733 /* Interface.storyboard in Resources */ = {isa = PBXBuildFile; fileRef = 51A1B1E71E8BFE4F0078E733 /* Interface.storyboard */; };
		51A1B1EB1E8BFE4F0078E733 /* Assets.xcassets in Resources */ = {isa = PBXBuildFile; fileRef = 51A1B1EA1E8BFE4F0078E733 /* Assets.xcassets */; };
		51A1B1F21E8BFE4F0078E733 /* Project10 WatchKit Extension.appex in Embed App Extensions */ = {isa = PBXBuildFile; fileRef = 51A1B1F11E8BFE4F0078E733 /* Project10 WatchKit Extension.appex */; settings = {ATTRIBUTES = (RemoveHeadersOnCopy, ); }; };
		51A1B1F71E8BFE4F0078E733 /* InterfaceController.swift in Sources */ = {isa = PBXBuildFile; fileRef = 51A1B1F61E8BFE4F0078E733 /* InterfaceController.swift */; };
		51A1B1F91E8BFE4F0078E733 /* ExtensionDelegate.swift in Sources */ = {isa = PBXBuildFile; fileRef = 51A1B1F81E8BFE4F0078E733 /* ExtensionDelegate.swift */; };
		51A1B1FB1E8BFE4F0078E733 /* Assets.xcassets in Resources */ = {isa = PBXBuildFile; fileRef = 51A1B1FA1E8BFE4F0078E733 /* Assets.xcassets */; };
		51A1B20B1E8C02B40078E733 /* WorkoutInterfaceController.swift in Sources */ = {isa = PBXBuildFile; fileRef = 51A1B20A1E8C02B40078E733 /* WorkoutInterfaceController.swift */; };
		51A1B20F1E8C5FBC0078E733 /* HealthKit.framework in Frameworks */ = {isa = PBXBuildFile; fileRef = 51A1B20E1E8C5FBC0078E733 /* HealthKit.framework */; };
		51A1B2121E8C5FC50078E733 /* HealthKit.framework in Frameworks */ = {isa = PBXBuildFile; fileRef = 51A1B2111E8C5FC50078E733 /* HealthKit.framework */; };
/* End PBXBuildFile section */

/* Begin PBXContainerItemProxy section */
		51A1B1E41E8BFE4F0078E733 /* PBXContainerItemProxy */ = {
			isa = PBXContainerItemProxy;
			containerPortal = 51A1B1C81E8BFE4F0078E733 /* Project object */;
			proxyType = 1;
			remoteGlobalIDString = 51A1B1E11E8BFE4F0078E733;
			remoteInfo = "Project10 WatchKit App";
		};
		51A1B1F31E8BFE4F0078E733 /* PBXContainerItemProxy */ = {
			isa = PBXContainerItemProxy;
			containerPortal = 51A1B1C81E8BFE4F0078E733 /* Project object */;
			proxyType = 1;
			remoteGlobalIDString = 51A1B1F01E8BFE4F0078E733;
			remoteInfo = "Project10 WatchKit Extension";
		};
/* End PBXContainerItemProxy section */

/* Begin PBXCopyFilesBuildPhase section */
		51A1B2021E8BFE4F0078E733 /* Embed App Extensions */ = {
			isa = PBXCopyFilesBuildPhase;
			buildActionMask = 2147483647;
			dstPath = "";
			dstSubfolderSpec = 13;
			files = (
				51A1B1F21E8BFE4F0078E733 /* Project10 WatchKit Extension.appex in Embed App Extensions */,
			);
			name = "Embed App Extensions";
			runOnlyForDeploymentPostprocessing = 0;
		};
		51A1B2061E8BFE4F0078E733 /* Embed Watch Content */ = {
			isa = PBXCopyFilesBuildPhase;
			buildActionMask = 2147483647;
			dstPath = "$(CONTENTS_FOLDER_PATH)/Watch";
			dstSubfolderSpec = 16;
			files = (
				51A1B1E31E8BFE4F0078E733 /* Project10 WatchKit App.app in Embed Watch Content */,
			);
			name = "Embed Watch Content";
			runOnlyForDeploymentPostprocessing = 0;
		};
/* End PBXCopyFilesBuildPhase section */

/* Begin PBXFileReference section */
		51A1B1D01E8BFE4F0078E733 /* Project10.app */ = {isa = PBXFileReference; explicitFileType = wrapper.application; includeInIndex = 0; path = Project10.app; sourceTree = BUILT_PRODUCTS_DIR; };
		51A1B1D31E8BFE4F0078E733 /* AppDelegate.swift */ = {isa = PBXFileReference; lastKnownFileType = sourcecode.swift; path = AppDelegate.swift; sourceTree = "<group>"; };
		51A1B1D51E8BFE4F0078E733 /* ViewController.swift */ = {isa = PBXFileReference; lastKnownFileType = sourcecode.swift; path = ViewController.swift; sourceTree = "<group>"; };
		51A1B1D81E8BFE4F0078E733 /* Base */ = {isa = PBXFileReference; lastKnownFileType = file.storyboard; name = Base; path = Base.lproj/Main.storyboard; sourceTree = "<group>"; };
		51A1B1DA1E8BFE4F0078E733 /* Assets.xcassets */ = {isa = PBXFileReference; lastKnownFileType = folder.assetcatalog; path = Assets.xcassets; sourceTree = "<group>"; };
		51A1B1DD1E8BFE4F0078E733 /* Base */ = {isa = PBXFileReference; lastKnownFileType = file.storyboard; name = Base; path = Base.lproj/LaunchScreen.storyboard; sourceTree = "<group>"; };
		51A1B1DF1E8BFE4F0078E733 /* Info.plist */ = {isa = PBXFileReference; lastKnownFileType = text.plist.xml; path = Info.plist; sourceTree = "<group>"; };
		51A1B1E21E8BFE4F0078E733 /* Project10 WatchKit App.app */ = {isa = PBXFileReference; explicitFileType = wrapper.application; includeInIndex = 0; path = "Project10 WatchKit App.app"; sourceTree = BUILT_PRODUCTS_DIR; };
		51A1B1E81E8BFE4F0078E733 /* Base */ = {isa = PBXFileReference; lastKnownFileType = file.storyboard; name = Base; path = Base.lproj/Interface.storyboard; sourceTree = "<group>"; };
		51A1B1EA1E8BFE4F0078E733 /* Assets.xcassets */ = {isa = PBXFileReference; lastKnownFileType = folder.assetcatalog; path = Assets.xcassets; sourceTree = "<group>"; };
		51A1B1EC1E8BFE4F0078E733 /* Info.plist */ = {isa = PBXFileReference; lastKnownFileType = text.plist.xml; path = Info.plist; sourceTree = "<group>"; };
		51A1B1F11E8BFE4F0078E733 /* Project10 WatchKit Extension.appex */ = {isa = PBXFileReference; explicitFileType = "wrapper.app-extension"; includeInIndex = 0; path = "Project10 WatchKit Extension.appex"; sourceTree = BUILT_PRODUCTS_DIR; };
		51A1B1F61E8BFE4F0078E733 /* InterfaceController.swift */ = {isa = PBXFileReference; lastKnownFileType = sourcecode.swift; path = InterfaceController.swift; sourceTree = "<group>"; };
		51A1B1F81E8BFE4F0078E733 /* ExtensionDelegate.swift */ = {isa = PBXFileReference; lastKnownFileType = sourcecode.swift; path = ExtensionDelegate.swift; sourceTree = "<group>"; };
		51A1B1FA1E8BFE4F0078E733 /* Assets.xcassets */ = {isa = PBXFileReference; lastKnownFileType = folder.assetcatalog; path = Assets.xcassets; sourceTree = "<group>"; };
		51A1B1FC1E8BFE4F0078E733 /* Info.plist */ = {isa = PBXFileReference; lastKnownFileType = text.plist.xml; path = Info.plist; sourceTree = "<group>"; };
		51A1B20A1E8C02B40078E733 /* WorkoutInterfaceController.swift */ = {isa = PBXFileReference; fileEncoding = 4; lastKnownFileType = sourcecode.swift; name = WorkoutInterfaceController.swift; path = "../../project10/Project10 WatchKit Extension/WorkoutInterfaceController.swift"; sourceTree = "<group>"; };
		51A1B20C1E8C5FBC0078E733 /* Project10.entitlements */ = {isa = PBXFileReference; lastKnownFileType = text.plist.entitlements; path = Project10.entitlements; sourceTree = "<group>"; };
		51A1B20E1E8C5FBC0078E733 /* HealthKit.framework */ = {isa = PBXFileReference; lastKnownFileType = wrapper.framework; name = HealthKit.framework; path = System/Library/Frameworks/HealthKit.framework; sourceTree = SDKROOT; };
		51A1B2101E8C5FC50078E733 /* Project10 WatchKit Extension.entitlements */ = {isa = PBXFileReference; lastKnownFileType = text.plist.entitlements; path = "Project10 WatchKit Extension.entitlements"; sourceTree = "<group>"; };
		51A1B2111E8C5FC50078E733 /* HealthKit.framework */ = {isa = PBXFileReference; lastKnownFileType = wrapper.framework; name = HealthKit.framework; path = Platforms/WatchOS.platform/Developer/SDKs/WatchOS3.2.sdk/System/Library/Frameworks/HealthKit.framework; sourceTree = DEVELOPER_DIR; };
/* End PBXFileReference section */

/* Begin PBXFrameworksBuildPhase section */
		51A1B1CD1E8BFE4F0078E733 /* Frameworks */ = {
			isa = PBXFrameworksBuildPhase;
			buildActionMask = 2147483647;
			files = (
				51A1B20F1E8C5FBC0078E733 /* HealthKit.framework in Frameworks */,
			);
			runOnlyForDeploymentPostprocessing = 0;
		};
		51A1B1EE1E8BFE4F0078E733 /* Frameworks */ = {
			isa = PBXFrameworksBuildPhase;
			buildActionMask = 2147483647;
			files = (
				51A1B2121E8C5FC50078E733 /* HealthKit.framework in Frameworks */,
			);
			runOnlyForDeploymentPostprocessing = 0;
		};
/* End PBXFrameworksBuildPhase section */

/* Begin PBXGroup section */
		51A1B1C71E8BFE4F0078E733 = {
			isa = PBXGroup;
			children = (
				51A1B1D21E8BFE4F0078E733 /* Project10 */,
				51A1B1E61E8BFE4F0078E733 /* Project10 WatchKit App */,
				51A1B1F51E8BFE4F0078E733 /* Project10 WatchKit Extension */,
				51A1B1D11E8BFE4F0078E733 /* Products */,
				51A1B20D1E8C5FBC0078E733 /* Frameworks */,
			);
			sourceTree = "<group>";
		};
		51A1B1D11E8BFE4F0078E733 /* Products */ = {
			isa = PBXGroup;
			children = (
				51A1B1D01E8BFE4F0078E733 /* Project10.app */,
				51A1B1E21E8BFE4F0078E733 /* Project10 WatchKit App.app */,
				51A1B1F11E8BFE4F0078E733 /* Project10 WatchKit Extension.appex */,
			);
			name = Products;
			sourceTree = "<group>";
		};
		51A1B1D21E8BFE4F0078E733 /* Project10 */ = {
			isa = PBXGroup;
			children = (
				51A1B20C1E8C5FBC0078E733 /* Project10.entitlements */,
				51A1B1D31E8BFE4F0078E733 /* AppDelegate.swift */,
				51A1B1D51E8BFE4F0078E733 /* ViewController.swift */,
				51A1B1D71E8BFE4F0078E733 /* Main.storyboard */,
				51A1B1DA1E8BFE4F0078E733 /* Assets.xcassets */,
				51A1B1DC1E8BFE4F0078E733 /* LaunchScreen.storyboard */,
				51A1B1DF1E8BFE4F0078E733 /* Info.plist */,
			);
			path = Project10;
			sourceTree = "<group>";
		};
		51A1B1E61E8BFE4F0078E733 /* Project10 WatchKit App */ = {
			isa = PBXGroup;
			children = (
				51A1B1E71E8BFE4F0078E733 /* Interface.storyboard */,
				51A1B1EA1E8BFE4F0078E733 /* Assets.xcassets */,
				51A1B1EC1E8BFE4F0078E733 /* Info.plist */,
			);
			path = "Project10 WatchKit App";
			sourceTree = "<group>";
		};
		51A1B1F51E8BFE4F0078E733 /* Project10 WatchKit Extension */ = {
			isa = PBXGroup;
			children = (
				51A1B2101E8C5FC50078E733 /* Project10 WatchKit Extension.entitlements */,
				51A1B1F61E8BFE4F0078E733 /* InterfaceController.swift */,
				51A1B20A1E8C02B40078E733 /* WorkoutInterfaceController.swift */,
				51A1B1F81E8BFE4F0078E733 /* ExtensionDelegate.swift */,
				51A1B1FA1E8BFE4F0078E733 /* Assets.xcassets */,
				51A1B1FC1E8BFE4F0078E733 /* Info.plist */,
			);
			path = "Project10 WatchKit Extension";
			sourceTree = "<group>";
		};
		51A1B20D1E8C5FBC0078E733 /* Frameworks */ = {
			isa = PBXGroup;
			children = (
				51A1B2111E8C5FC50078E733 /* HealthKit.framework */,
				51A1B20E1E8C5FBC0078E733 /* HealthKit.framework */,
			);
			name = Frameworks;
			sourceTree = "<group>";
		};
/* End PBXGroup section */

/* Begin PBXNativeTarget section */
		51A1B1CF1E8BFE4F0078E733 /* Project10 */ = {
			isa = PBXNativeTarget;
			buildConfigurationList = 51A1B2071E8BFE4F0078E733 /* Build configuration list for PBXNativeTarget "Project10" */;
			buildPhases = (
				51A1B1CC1E8BFE4F0078E733 /* Sources */,
				51A1B1CD1E8BFE4F0078E733 /* Frameworks */,
				51A1B1CE1E8BFE4F0078E733 /* Resources */,
				51A1B2061E8BFE4F0078E733 /* Embed Watch Content */,
			);
			buildRules = (
			);
			dependencies = (
				51A1B1E51E8BFE4F0078E733 /* PBXTargetDependency */,
			);
			name = Project10;
			productName = Project10;
			productReference = 51A1B1D01E8BFE4F0078E733 /* Project10.app */;
			productType = "com.apple.product-type.application";
		};
		51A1B1E11E8BFE4F0078E733 /* Project10 WatchKit App */ = {
			isa = PBXNativeTarget;
			buildConfigurationList = 51A1B2031E8BFE4F0078E733 /* Build configuration list for PBXNativeTarget "Project10 WatchKit App" */;
			buildPhases = (
				51A1B1E01E8BFE4F0078E733 /* Resources */,
				51A1B2021E8BFE4F0078E733 /* Embed App Extensions */,
			);
			buildRules = (
			);
			dependencies = (
				51A1B1F41E8BFE4F0078E733 /* PBXTargetDependency */,
			);
			name = "Project10 WatchKit App";
			productName = "Project10 WatchKit App";
			productReference = 51A1B1E21E8BFE4F0078E733 /* Project10 WatchKit App.app */;
			productType = "com.apple.product-type.application.watchapp2";
		};
		51A1B1F01E8BFE4F0078E733 /* Project10 WatchKit Extension */ = {
			isa = PBXNativeTarget;
			buildConfigurationList = 51A1B1FF1E8BFE4F0078E733 /* Build configuration list for PBXNativeTarget "Project10 WatchKit Extension" */;
			buildPhases = (
				51A1B1ED1E8BFE4F0078E733 /* Sources */,
				51A1B1EE1E8BFE4F0078E733 /* Frameworks */,
				51A1B1EF1E8BFE4F0078E733 /* Resources */,
			);
			buildRules = (
			);
			dependencies = (
			);
			name = "Project10 WatchKit Extension";
			productName = "Project10 WatchKit Extension";
			productReference = 51A1B1F11E8BFE4F0078E733 /* Project10 WatchKit Extension.appex */;
			productType = "com.apple.product-type.watchkit2-extension";
		};
/* End PBXNativeTarget section */

/* Begin PBXProject section */
		51A1B1C81E8BFE4F0078E733 /* Project object */ = {
			isa = PBXProject;
			attributes = {
				LastSwiftUpdateCheck = 0830;
				LastUpgradeCheck = 1020;
				ORGANIZATIONNAME = "Paul Hudson";
				TargetAttributes = {
					51A1B1CF1E8BFE4F0078E733 = {
						CreatedOnToolsVersion = 8.3;
						DevelopmentTeam = B5C26XE59E;
						LastSwiftMigration = 1020;
						ProvisioningStyle = Automatic;
						SystemCapabilities = {
							com.apple.HealthKit = {
								enabled = 1;
							};
						};
					};
					51A1B1E11E8BFE4F0078E733 = {
						CreatedOnToolsVersion = 8.3;
						DevelopmentTeam = B5C26XE59E;
						ProvisioningStyle = Automatic;
					};
					51A1B1F01E8BFE4F0078E733 = {
						CreatedOnToolsVersion = 8.3;
						DevelopmentTeam = B5C26XE59E;
						LastSwiftMigration = 1020;
						ProvisioningStyle = Automatic;
						SystemCapabilities = {
							com.apple.HealthKit.watchos = {
								enabled = 1;
							};
						};
					};
				};
			};
			buildConfigurationList = 51A1B1CB1E8BFE4F0078E733 /* Build configuration list for PBXProject "Project10" */;
			compatibilityVersion = "Xcode 3.2";
			developmentRegion = en;
			hasScannedForEncodings = 0;
			knownRegions = (
				en,
				Base,
			);
			mainGroup = 51A1B1C71E8BFE4F0078E733;
			productRefGroup = 51A1B1D11E8BFE4F0078E733 /* Products */;
			projectDirPath = "";
			projectRoot = "";
			targets = (
				51A1B1CF1E8BFE4F0078E733 /* Project10 */,
				51A1B1E11E8BFE4F0078E733 /* Project10 WatchKit App */,
				51A1B1F01E8BFE4F0078E733 /* Project10 WatchKit Extension */,
			);
		};
/* End PBXProject section */

/* Begin PBXResourcesBuildPhase section */
		51A1B1CE1E8BFE4F0078E733 /* Resources */ = {
			isa = PBXResourcesBuildPhase;
			buildActionMask = 2147483647;
			files = (
				51A1B1DE1E8BFE4F0078E733 /* LaunchScreen.storyboard in Resources */,
				51A1B1DB1E8BFE4F0078E733 /* Assets.xcassets in Resources */,
				51A1B1D91E8BFE4F0078E733 /* Main.storyboard in Resources */,
			);
			runOnlyForDeploymentPostprocessing = 0;
		};
		51A1B1E01E8BFE4F0078E733 /* Resources */ = {
			isa = PBXResourcesBuildPhase;
			buildActionMask = 2147483647;
			files = (
				51A1B1EB1E8BFE4F0078E733 /* Assets.xcassets in Resources */,
				51A1B1E91E8BFE4F0078E733 /* Interface.storyboard in Resources */,
			);
			runOnlyForDeploymentPostprocessing = 0;
		};
		51A1B1EF1E8BFE4F0078E733 /* Resources */ = {
			isa = PBXResourcesBuildPhase;
			buildActionMask = 2147483647;
			files = (
				51A1B1FB1E8BFE4F0078E733 /* Assets.xcassets in Resources */,
			);
			runOnlyForDeploymentPostprocessing = 0;
		};
/* End PBXResourcesBuildPhase section */

/* Begin PBXSourcesBuildPhase section */
		51A1B1CC1E8BFE4F0078E733 /* Sources */ = {
			isa = PBXSourcesBuildPhase;
			buildActionMask = 2147483647;
			files = (
				51A1B1D61E8BFE4F0078E733 /* ViewController.swift in Sources */,
				51A1B1D41E8BFE4F0078E733 /* AppDelegate.swift in Sources */,
			);
			runOnlyForDeploymentPostprocessing = 0;
		};
		51A1B1ED1E8BFE4F0078E733 /* Sources */ = {
			isa = PBXSourcesBuildPhase;
			buildActionMask = 2147483647;
			files = (
				51A1B1F91E8BFE4F0078E733 /* ExtensionDelegate.swift in Sources */,
				51A1B1F71E8BFE4F0078E733 /* InterfaceController.swift in Sources */,
				51A1B20B1E8C02B40078E733 /* WorkoutInterfaceController.swift in Sources */,
			);
			runOnlyForDeploymentPostprocessing = 0;
		};
/* End PBXSourcesBuildPhase section */

/* Begin PBXTargetDependency section */
		51A1B1E51E8BFE4F0078E733 /* PBXTargetDependency */ = {
			isa = PBXTargetDependency;
			target = 51A1B1E11E8BFE4F0078E733 /* Project10 WatchKit App */;
			targetProxy = 51A1B1E41E8BFE4F0078E733 /* PBXContainerItemProxy */;
		};
		51A1B1F41E8BFE4F0078E733 /* PBXTargetDependency */ = {
			isa = PBXTargetDependency;
			target = 51A1B1F01E8BFE4F0078E733 /* Project10 WatchKit Extension */;
			targetProxy = 51A1B1F31E8BFE4F0078E733 /* PBXContainerItemProxy */;
		};
/* End PBXTargetDependency section */

/* Begin PBXVariantGroup section */
		51A1B1D71E8BFE4F0078E733 /* Main.storyboard */ = {
			isa = PBXVariantGroup;
			children = (
				51A1B1D81E8BFE4F0078E733 /* Base */,
			);
			name = Main.storyboard;
			sourceTree = "<group>";
		};
		51A1B1DC1E8BFE4F0078E733 /* LaunchScreen.storyboard */ = {
			isa = PBXVariantGroup;
			children = (
				51A1B1DD1E8BFE4F0078E733 /* Base */,
			);
			name = LaunchScreen.storyboard;
			sourceTree = "<group>";
		};
		51A1B1E71E8BFE4F0078E733 /* Interface.storyboard */ = {
			isa = PBXVariantGroup;
			children = (
				51A1B1E81E8BFE4F0078E733 /* Base */,
			);
			name = Interface.storyboard;
			sourceTree = "<group>";
		};
/* End PBXVariantGroup section */

/* Begin XCBuildConfiguration section */
		51A1B1FD1E8BFE4F0078E733 /* Debug */ = {
			isa = XCBuildConfiguration;
			buildSettings = {
				ALWAYS_SEARCH_USER_PATHS = NO;
				CLANG_ANALYZER_LOCALIZABILITY_NONLOCALIZED = YES;
				CLANG_ANALYZER_NONNULL = YES;
				CLANG_ANALYZER_NUMBER_OBJECT_CONVERSION = YES_AGGRESSIVE;
				CLANG_CXX_LANGUAGE_STANDARD = "gnu++0x";
				CLANG_CXX_LIBRARY = "libc++";
				CLANG_ENABLE_MODULES = YES;
				CLANG_ENABLE_OBJC_ARC = YES;
				CLANG_WARN_BLOCK_CAPTURE_AUTORELEASING = YES;
				CLANG_WARN_BOOL_CONVERSION = YES;
				CLANG_WARN_COMMA = YES;
				CLANG_WARN_CONSTANT_CONVERSION = YES;
				CLANG_WARN_DEPRECATED_OBJC_IMPLEMENTATIONS = YES;
				CLANG_WARN_DIRECT_OBJC_ISA_USAGE = YES_ERROR;
				CLANG_WARN_DOCUMENTATION_COMMENTS = YES;
				CLANG_WARN_EMPTY_BODY = YES;
				CLANG_WARN_ENUM_CONVERSION = YES;
				CLANG_WARN_INFINITE_RECURSION = YES;
				CLANG_WARN_INT_CONVERSION = YES;
				CLANG_WARN_NON_LITERAL_NULL_CONVERSION = YES;
				CLANG_WARN_OBJC_IMPLICIT_RETAIN_SELF = YES;
				CLANG_WARN_OBJC_LITERAL_CONVERSION = YES;
				CLANG_WARN_OBJC_ROOT_CLASS = YES_ERROR;
				CLANG_WARN_RANGE_LOOP_ANALYSIS = YES;
				CLANG_WARN_STRICT_PROTOTYPES = YES;
				CLANG_WARN_SUSPICIOUS_MOVE = YES;
				CLANG_WARN_UNREACHABLE_CODE = YES;
				CLANG_WARN__DUPLICATE_METHOD_MATCH = YES;
				"CODE_SIGN_IDENTITY[sdk=iphoneos*]" = "iPhone Developer";
				COPY_PHASE_STRIP = NO;
				DEBUG_INFORMATION_FORMAT = dwarf;
				ENABLE_STRICT_OBJC_MSGSEND = YES;
				ENABLE_TESTABILITY = YES;
				GCC_C_LANGUAGE_STANDARD = gnu99;
				GCC_DYNAMIC_NO_PIC = NO;
				GCC_NO_COMMON_BLOCKS = YES;
				GCC_OPTIMIZATION_LEVEL = 0;
				GCC_PREPROCESSOR_DEFINITIONS = (
					"DEBUG=1",
					"$(inherited)",
				);
				GCC_WARN_64_TO_32_BIT_CONVERSION = YES;
				GCC_WARN_ABOUT_RETURN_TYPE = YES_ERROR;
				GCC_WARN_UNDECLARED_SELECTOR = YES;
				GCC_WARN_UNINITIALIZED_AUTOS = YES_AGGRESSIVE;
				GCC_WARN_UNUSED_FUNCTION = YES;
				GCC_WARN_UNUSED_VARIABLE = YES;
				IPHONEOS_DEPLOYMENT_TARGET = 12.0;
				MTL_ENABLE_DEBUG_INFO = YES;
				ONLY_ACTIVE_ARCH = YES;
				SDKROOT = iphoneos;
				SWIFT_ACTIVE_COMPILATION_CONDITIONS = DEBUG;
				SWIFT_OPTIMIZATION_LEVEL = "-Onone";
			};
			name = Debug;
		};
		51A1B1FE1E8BFE4F0078E733 /* Release */ = {
			isa = XCBuildConfiguration;
			buildSettings = {
				ALWAYS_SEARCH_USER_PATHS = NO;
				CLANG_ANALYZER_LOCALIZABILITY_NONLOCALIZED = YES;
				CLANG_ANALYZER_NONNULL = YES;
				CLANG_ANALYZER_NUMBER_OBJECT_CONVERSION = YES_AGGRESSIVE;
				CLANG_CXX_LANGUAGE_STANDARD = "gnu++0x";
				CLANG_CXX_LIBRARY = "libc++";
				CLANG_ENABLE_MODULES = YES;
				CLANG_ENABLE_OBJC_ARC = YES;
				CLANG_WARN_BLOCK_CAPTURE_AUTORELEASING = YES;
				CLANG_WARN_BOOL_CONVERSION = YES;
				CLANG_WARN_COMMA = YES;
				CLANG_WARN_CONSTANT_CONVERSION = YES;
				CLANG_WARN_DEPRECATED_OBJC_IMPLEMENTATIONS = YES;
				CLANG_WARN_DIRECT_OBJC_ISA_USAGE = YES_ERROR;
				CLANG_WARN_DOCUMENTATION_COMMENTS = YES;
				CLANG_WARN_EMPTY_BODY = YES;
				CLANG_WARN_ENUM_CONVERSION = YES;
				CLANG_WARN_INFINITE_RECURSION = YES;
				CLANG_WARN_INT_CONVERSION = YES;
				CLANG_WARN_NON_LITERAL_NULL_CONVERSION = YES;
				CLANG_WARN_OBJC_IMPLICIT_RETAIN_SELF = YES;
				CLANG_WARN_OBJC_LITERAL_CONVERSION = YES;
				CLANG_WARN_OBJC_ROOT_CLASS = YES_ERROR;
				CLANG_WARN_RANGE_LOOP_ANALYSIS = YES;
				CLANG_WARN_STRICT_PROTOTYPES = YES;
				CLANG_WARN_SUSPICIOUS_MOVE = YES;
				CLANG_WARN_UNREACHABLE_CODE = YES;
				CLANG_WARN__DUPLICATE_METHOD_MATCH = YES;
				"CODE_SIGN_IDENTITY[sdk=iphoneos*]" = "iPhone Developer";
				COPY_PHASE_STRIP = NO;
				DEBUG_INFORMATION_FORMAT = "dwarf-with-dsym";
				ENABLE_NS_ASSERTIONS = NO;
				ENABLE_STRICT_OBJC_MSGSEND = YES;
				GCC_C_LANGUAGE_STANDARD = gnu99;
				GCC_NO_COMMON_BLOCKS = YES;
				GCC_WARN_64_TO_32_BIT_CONVERSION = YES;
				GCC_WARN_ABOUT_RETURN_TYPE = YES_ERROR;
				GCC_WARN_UNDECLARED_SELECTOR = YES;
				GCC_WARN_UNINITIALIZED_AUTOS = YES_AGGRESSIVE;
				GCC_WARN_UNUSED_FUNCTION = YES;
				GCC_WARN_UNUSED_VARIABLE = YES;
				IPHONEOS_DEPLOYMENT_TARGET = 12.0;
				MTL_ENABLE_DEBUG_INFO = NO;
				SDKROOT = iphoneos;
				SWIFT_OPTIMIZATION_LEVEL = "-Owholemodule";
				VALIDATE_PRODUCT = YES;
			};
			name = Release;
		};
		51A1B2001E8BFE4F0078E733 /* Debug */ = {
			isa = XCBuildConfiguration;
			buildSettings = {
				ASSETCATALOG_COMPILER_COMPLICATION_NAME = Complication;
				CODE_SIGN_ENTITLEMENTS = "Project10 WatchKit Extension/Project10 WatchKit Extension.entitlements";
				DEVELOPMENT_TEAM = B5C26XE59E;
				INFOPLIST_FILE = "Project10 WatchKit Extension/Info.plist";
				LD_RUNPATH_SEARCH_PATHS = "$(inherited) @executable_path/Frameworks @executable_path/../../Frameworks";
				PRODUCT_BUNDLE_IDENTIFIER = com.hackingwithswift.WatchProject10.watchkitapp.watchkitextension;
				PRODUCT_NAME = "${TARGET_NAME}";
				SDKROOT = watchos;
				SKIP_INSTALL = YES;
				SWIFT_VERSION = 5.0;
				TARGETED_DEVICE_FAMILY = 4;
				WATCHOS_DEPLOYMENT_TARGET = 5.0;
			};
			name = Debug;
		};
		51A1B2011E8BFE4F0078E733 /* Release */ = {
			isa = XCBuildConfiguration;
			buildSettings = {
				ASSETCATALOG_COMPILER_COMPLICATION_NAME = Complication;
				CODE_SIGN_ENTITLEMENTS = "Project10 WatchKit Extension/Project10 WatchKit Extension.entitlements";
				DEVELOPMENT_TEAM = B5C26XE59E;
				INFOPLIST_FILE = "Project10 WatchKit Extension/Info.plist";
				LD_RUNPATH_SEARCH_PATHS = "$(inherited) @executable_path/Frameworks @executable_path/../../Frameworks";
				PRODUCT_BUNDLE_IDENTIFIER = com.hackingwithswift.WatchProject10.watchkitapp.watchkitextension;
				PRODUCT_NAME = "${TARGET_NAME}";
				SDKROOT = watchos;
				SKIP_INSTALL = YES;
				SWIFT_VERSION = 5.0;
				TARGETED_DEVICE_FAMILY = 4;
				WATCHOS_DEPLOYMENT_TARGET = 5.0;
			};
			name = Release;
		};
		51A1B2041E8BFE4F0078E733 /* Debug */ = {
			isa = XCBuildConfiguration;
			buildSettings = {
				ALWAYS_EMBED_SWIFT_STANDARD_LIBRARIES = YES;
				ASSETCATALOG_COMPILER_APPICON_NAME = AppIcon;
				DEVELOPMENT_TEAM = B5C26XE59E;
				IBSC_MODULE = Project10_WatchKit_Extension;
				INFOPLIST_FILE = "Project10 WatchKit App/Info.plist";
				PRODUCT_BUNDLE_IDENTIFIER = com.hackingwithswift.WatchProject10.watchkitapp;
				PRODUCT_NAME = "$(TARGET_NAME)";
				SDKROOT = watchos;
				SKIP_INSTALL = YES;
				SWIFT_VERSION = 4.2;
				TARGETED_DEVICE_FAMILY = 4;
				WATCHOS_DEPLOYMENT_TARGET = 5.0;
			};
			name = Debug;
		};
		51A1B2051E8BFE4F0078E733 /* Release */ = {
			isa = XCBuildConfiguration;
			buildSettings = {
				ALWAYS_EMBED_SWIFT_STANDARD_LIBRARIES = YES;
				ASSETCATALOG_COMPILER_APPICON_NAME = AppIcon;
				DEVELOPMENT_TEAM = B5C26XE59E;
				IBSC_MODULE = Project10_WatchKit_Extension;
				INFOPLIST_FILE = "Project10 WatchKit App/Info.plist";
				PRODUCT_BUNDLE_IDENTIFIER = com.hackingwithswift.WatchProject10.watchkitapp;
				PRODUCT_NAME = "$(TARGET_NAME)";
				SDKROOT = watchos;
				SKIP_INSTALL = YES;
				SWIFT_VERSION = 4.2;
				TARGETED_DEVICE_FAMILY = 4;
				WATCHOS_DEPLOYMENT_TARGET = 5.0;
			};
			name = Release;
		};
		51A1B2081E8BFE4F0078E733 /* Debug */ = {
			isa = XCBuildConfiguration;
			buildSettings = {
				ASSETCATALOG_COMPILER_APPICON_NAME = AppIcon;
				CODE_SIGN_ENTITLEMENTS = Project10/Project10.entitlements;
				DEVELOPMENT_TEAM = B5C26XE59E;
				INFOPLIST_FILE = Project10/Info.plist;
				LD_RUNPATH_SEARCH_PATHS = "$(inherited) @executable_path/Frameworks";
				PRODUCT_BUNDLE_IDENTIFIER = com.hackingwithswift.WatchProject10;
				PRODUCT_NAME = "$(TARGET_NAME)";
				SWIFT_VERSION = 5.0;
			};
			name = Debug;
		};
		51A1B2091E8BFE4F0078E733 /* Release */ = {
			isa = XCBuildConfiguration;
			buildSettings = {
				ASSETCATALOG_COMPILER_APPICON_NAME = AppIcon;
				CODE_SIGN_ENTITLEMENTS = Project10/Project10.entitlements;
				DEVELOPMENT_TEAM = B5C26XE59E;
				INFOPLIST_FILE = Project10/Info.plist;
				LD_RUNPATH_SEARCH_PATHS = "$(inherited) @executable_path/Frameworks";
				PRODUCT_BUNDLE_IDENTIFIER = com.hackingwithswift.WatchProject10;
				PRODUCT_NAME = "$(TARGET_NAME)";
				SWIFT_VERSION = 5.0;
			};
			name = Release;
		};
/* End XCBuildConfiguration section */

/* Begin XCConfigurationList section */
		51A1B1CB1E8BFE4F0078E733 /* Build configuration list for PBXProject "Project10" */ = {
			isa = XCConfigurationList;
			buildConfigurations = (
				51A1B1FD1E8BFE4F0078E733 /* Debug */,
				51A1B1FE1E8BFE4F0078E733 /* Release */,
			);
			defaultConfigurationIsVisible = 0;
			defaultConfigurationName = Release;
		};
		51A1B1FF1E8BFE4F0078E733 /* Build configuration list for PBXNativeTarget "Project10 WatchKit Extension" */ = {
			isa = XCConfigurationList;
			buildConfigurations = (
				51A1B2001E8BFE4F0078E733 /* Debug */,
				51A1B2011E8BFE4F0078E733 /* Release */,
			);
			defaultConfigurationIsVisible = 0;
			defaultConfigurationName = Release;
		};
		51A1B2031E8BFE4F0078E733 /* Build configuration list for PBXNativeTarget "Project10 WatchKit App" */ = {
			isa = XCConfigurationList;
			buildConfigurations = (
				51A1B2041E8BFE4F0078E733 /* Debug */,
				51A1B2051E8BFE4F0078E733 /* Release */,
			);
			defaultConfigurationIsVisible = 0;
			defaultConfigurationName = Release;
		};
		51A1B2071E8BFE4F0078E733 /* Build configuration list for PBXNativeTarget "Project10" */ = {
			isa = XCConfigurationList;
			buildConfigurations = (
				51A1B2081E8BFE4F0078E733 /* Debug */,
				51A1B2091E8BFE4F0078E733 /* Release */,
			);
			defaultConfigurationIsVisible = 0;
			defaultConfigurationName = Release;
		};
/* End XCConfigurationList section */
	};
	rootObject = 51A1B1C81E8BFE4F0078E733 /* Project object */;
}
